{"SurveyEntry":{"SurveyID":"SV_1Xq9nCX0tgPJvng","SurveyName":"2022-02-09 - Company Bet - Bart's Students - Post","SurveyDescription":null,"SurveyOwnerID":"UR_8HNsUBv4Xq1C36B","SurveyBrandID":"cuboulder","DivisionID":null,"SurveyLanguage":"EN","SurveyActiveResponseSet":"RS_e4Yh6Ebo44oOQVo","SurveyStatus":"Active","SurveyStartDate":"0000-00-00 00:00:00","SurveyExpirationDate":"0000-00-00 00:00:00","SurveyCreationDate":"2022-02-09 11:27:49","CreatorID":"UR_8HNsUBv4Xq1C36B","LastModified":"2025-03-20 12:44:46","LastAccessed":"0000-00-00 00:00:00","LastActivated":"2022-02-09 16:55:11","Deleted":null},"SurveyElements":[{"SurveyID":"SV_1Xq9nCX0tgPJvng","Element":"BL","PrimaryAttribute":"Survey Blocks","SecondaryAttribute":null,"TertiaryAttribute":null,"Payload":{"1":{"Type":"Trash","Description":"Trash \/ Unused Questions","ID":"BL_1LmOTgbHDv8TdTn","BlockElements":[]},"2":{"Type":"Standard","SubType":"","Description":"SurveyBlock","ID":"BL_5706LsY6xPQhekt","BlockElements":[{"Type":"Question","QuestionID":"QID19"},{"Type":"Question","QuestionID":"QID29"},{"Type":"Page Break"},{"Type":"Question","QuestionID":"QID28"},{"Type":"Page Break"},{"Type":"Question","QuestionID":"QID44"},{"Type":"Page Break"},{"Type":"Question","QuestionID":"QID25"}]},"11":{"Type":"Standard","SubType":"","Description":"AttrBlock","ID":"BL_5BJS588gYYkeUUl","BlockElements":[{"Type":"Question","QuestionID":"QID20"},{"Type":"Page Break"},{"Type":"Question","QuestionID":"QID33"},{"Type":"Question","QuestionID":"QID35"},{"Type":"Question","QuestionID":"QID34"},{"Type":"Page Break"},{"Type":"Question","QuestionID":"QID36"},{"Type":"Page Break"},{"Type":"Question","QuestionID":"QID37"},{"Type":"Page Break"},{"Type":"Question","QuestionID":"QID45"}]},"12":{"Type":"Standard","SubType":"","Description":"BetBlock","ID":"BL_6XwPtVHdWXi6TXv","BlockElements":[{"Type":"Question","QuestionID":"QID41"},{"Type":"Page Break"},{"Type":"Question","QuestionID":"QID27"},{"Type":"Page Break"},{"Type":"Question","QuestionID":"QID38"},{"Type":"Page Break"},{"Type":"Question","QuestionID":"QID46"},{"Type":"Page Break"},{"Type":"Question","QuestionID":"QID47"},{"Type":"Page Break"},{"Type":"Question","QuestionID":"QID31"}]}}},{"SurveyID":"SV_1Xq9nCX0tgPJvng","Element":"FL","PrimaryAttribute":"Survey Flow","SecondaryAttribute":null,"TertiaryAttribute":null,"Payload":{"Type":"Root","FlowID":"FL_1","Flow":[{"Type":"EmbeddedData","FlowID":"FL_5","EmbeddedData":[{"Description":"condid","Type":"Recipient","Field":"condid","VariableType":"String","DataVisibility":[],"AnalyzeText":false},{"Description":"turkid","Type":"Recipient","Field":"turkid","VariableType":"String","DataVisibility":[],"AnalyzeText":false}]},{"Type":"Branch","FlowID":"FL_20","Description":"New Branch","BranchLogic":{"0":{"0":{"LogicType":"EmbeddedField","LeftOperand":"condid","Operator":"EqualTo","RightOperand":"-2","_HiddenExpression":false,"Type":"Expression","Description":"<span class=\"ConjDesc\">If<\/span>  <span class=\"LeftOpDesc\">condid<\/span> <span class=\"OpDesc\">Is Equal to<\/span> <span class=\"RightOpDesc\"> -2 <\/span>"},"Type":"If"},"Type":"BooleanExpression"},"Flow":[{"Type":"EmbeddedData","FlowID":"FL_21","EmbeddedData":[{"Description":"GroupName","Type":"Custom","Field":"GroupName","VariableType":"String","DataVisibility":[],"AnalyzeText":false,"Value":"red"}]}]},{"Type":"Branch","FlowID":"FL_22","Description":"New Branch","BranchLogic":{"0":{"0":{"LogicType":"EmbeddedField","LeftOperand":"condid","Operator":"EqualTo","RightOperand":"2","_HiddenExpression":false,"Type":"Expression","Description":"<span class=\"ConjDesc\">If<\/span>  <span class=\"LeftOpDesc\">condid<\/span> <span class=\"OpDesc\">Is Equal to<\/span> <span class=\"RightOpDesc\"> 2 <\/span>"},"Type":"If"},"Type":"BooleanExpression"},"Flow":[{"Type":"EmbeddedData","FlowID":"FL_23","EmbeddedData":[{"Description":"GroupName","Type":"Custom","Field":"GroupName","VariableType":"String","DataVisibility":[],"AnalyzeText":false,"Value":"green"}]}]},{"Type":"Standard","ID":"BL_6XwPtVHdWXi6TXv","FlowID":"FL_19","Autofill":[]},{"Type":"Standard","ID":"BL_5BJS588gYYkeUUl","FlowID":"FL_18","Autofill":[]},{"Type":"Standard","ID":"BL_5706LsY6xPQhekt","FlowID":"FL_3","Autofill":[]}],"Properties":{"Count":23,"RemovedFieldsets":[]}}},{"SurveyID":"SV_1Xq9nCX0tgPJvng","Element":"PL","PrimaryAttribute":"Preview Link","SecondaryAttribute":null,"TertiaryAttribute":null,"Payload":{"PreviewType":"Brand","PreviewID":"24ff3239-4db7-4b68-a5e9-77b9e6914ca2"}},{"SurveyID":"SV_1Xq9nCX0tgPJvng","Element":"PROJ","PrimaryAttribute":"CORE","SecondaryAttribute":null,"TertiaryAttribute":"1.1.0","Payload":{"ProjectCategory":"CORE","SchemaVersion":"1.1.0"}},{"SurveyID":"SV_1Xq9nCX0tgPJvng","Element":"QC","PrimaryAttribute":"Survey Question Count","SecondaryAttribute":"47","TertiaryAttribute":null,"Payload":null},{"SurveyID":"SV_1Xq9nCX0tgPJvng","Element":"RS","PrimaryAttribute":"RS_e4Yh6Ebo44oOQVo","SecondaryAttribute":null,"TertiaryAttribute":null,"Payload":null},{"SurveyID":"SV_1Xq9nCX0tgPJvng","Element":"SCO","PrimaryAttribute":"Scoring","SecondaryAttribute":null,"TertiaryAttribute":null,"Payload":{"ScoringCategories":[],"ScoringCategoryGroups":[],"ScoringSummaryCategory":null,"ScoringSummaryAfterQuestions":0,"ScoringSummaryAfterSurvey":0,"DefaultScoringCategory":null,"AutoScoringCategory":null}},{"SurveyID":"SV_1Xq9nCX0tgPJvng","Element":"SO","PrimaryAttribute":"Survey Options","SecondaryAttribute":null,"TertiaryAttribute":null,"Payload":{"BackButton":"false","SaveAndContinue":"true","SurveyProtection":"PublicSurvey","BallotBoxStuffingPrevention":"false","NoIndex":"Yes","SecureResponseFiles":"true","SurveyExpiration":null,"SurveyTermination":"DisplayMessage","Header":"","Footer":"","ProgressBarDisplay":"None","PartialData":"+1 week","ValidationMessage":null,"PreviousButton":" \u2190 ","NextButton":" \u2192 ","SkinLibrary":"cuboulder","SkinType":"templated","Skin":{"brandingId":"2877638256","templateId":"*base","overrides":null},"NewScoring":1,"CustomStyles":{"customCSS":".project-label {\n  padding: 0 6px 0 6px;\n  color: black;\n}\n\n.project-one {\n  background-color: #ff470f;\n}\n\n.project-two {\n  background-color: #ffdd57;\n}\n\n.project-three {\n  background-color: #23d160;\n}\n\n.project-four {\n  background-color: #00d1b2;\n}"},"EOSMessage":"MS_cGVafPEQvcOlbpA","ShowExportTags":"false","CollectGeoLocation":"false","SurveyTitle":"Online Survey Software | Qualtrics Survey Solutions","SurveyMetaDescription":"Qualtrics sophisticated online survey software solutions make creating online surveys easy. Learn more about Research Suite and get a free account today.","PasswordProtection":"No","AnonymizeResponse":"No","Password":"","RefererCheck":"No","RefererURL":"http:\/\/","ResponseSummary":"No","EOSMessageLibrary":"UR_8HNsUBv4Xq1C36B","EOSRedirectURL":"https:\/\/app.prolific.co\/submissions\/complete?cc=37306642","EmailThankYou":"false","ThankYouEmailMessageLibrary":null,"ThankYouEmailMessage":null,"ValidateMessage":"false","ValidationMessageLibrary":null,"InactiveSurvey":"DefaultMessage","PartialDataCloseAfter":"LastActivity","ActiveResponseSet":null,"InactiveMessageLibrary":"","InactiveMessage":"","AvailableLanguages":{"EN":[]},"ProtectSelectionIds":true,"UseCustomSurveyLinkCompletedMessage":null,"SurveyLinkCompletedMessage":"","SurveyLinkCompletedMessageLibrary":"","BallotBoxStuffingPreventionBehavior":null,"BallotBoxStuffingPreventionMessage":null,"BallotBoxStuffingPreventionMessageLibrary":null,"BallotBoxStuffingPreventionURL":null,"RecaptchaV3":"false","ConfirmStart":false,"AutoConfirmStart":false,"RelevantID":"false","RelevantIDLockoutPeriod":"+30 days","PartialDeletion":null,"SurveyName":"2022-02-09 - Company Bet - Bart's Students - Post"}},{"SurveyID":"SV_1Xq9nCX0tgPJvng","Element":"SQ","PrimaryAttribute":"QID19","SecondaryAttribute":"Suppose you play the same simulation again. \u00a0 How much influence do you think you will have on th..","TertiaryAttribute":null,"Payload":{"QuestionText":"<div>Suppose you play the same simulation again.<\/div>\n\n<div>&nbsp;<\/div>\n\n<div><strong>How much influence do you think you will have on the ROI that you obtain?<\/strong><\/div>","DefaultChoices":false,"DataExportTag":"SubjInfluence","QuestionID":"QID19","QuestionType":"MC","Selector":"SAHR","SubSelector":"TX","DataVisibility":{"Private":false,"Hidden":false},"Configuration":{"QuestionDescriptionOption":"UseText","TextPosition":"inline","LabelPosition":"BELOW"},"QuestionDescription":"Suppose you play the same simulation again. \u00a0 How much influence do you think you will have on th...","Choices":{"1":{"Display":"No influence at all"},"3":{"Display":"A small influence"},"16":{"Display":"A moderate influence"},"17":{"Display":"A large influence"},"18":{"Display":"A very large influence"}},"ChoiceOrder":["1","3","16","17","18"],"Validation":{"Settings":{"ForceResponse":"ON","ForceResponseType":"ON","Type":"None"}},"RecodeValues":{"3":"2","16":"3","17":"4","18":"5"},"GradingData":[],"Language":[],"NextChoiceId":19,"NextAnswerId":22}},{"SurveyID":"SV_1Xq9nCX0tgPJvng","Element":"SQ","PrimaryAttribute":"QID20","SecondaryAttribute":"During the game, which Company Valuation was associated with larger ROIs? Smaller or Larger Compa...","TertiaryAttribute":null,"Payload":{"QuestionText":"<div>During the game, which <strong>Company Valuation <\/strong>was associated with <strong>larger ROIs? <\/strong>Smaller or Larger Company Valuations?<\/div>","DefaultChoices":false,"DataExportTag":"MV","QuestionID":"QID20","QuestionType":"MC","Selector":"SAHR","SubSelector":"TX","DataVisibility":{"Private":false,"Hidden":false},"Configuration":{"QuestionDescriptionOption":"UseText","TextPosition":"inline","LabelPosition":"BELOW"},"QuestionDescription":"During the game, which Company Valuation was associated with larger ROIs? Smaller or Larger Compa...","Choices":{"1":{"Display":"A SMALLER Company Valuation"},"2":{"Display":"It did not make a difference"},"3":{"Display":"A LARGER Company Valuation"}},"ChoiceOrder":["1","2","3"],"Validation":{"Settings":{"ForceResponse":"ON","ForceResponseType":"ON","Type":"None"}},"GradingData":[],"Language":[],"NextChoiceId":5,"NextAnswerId":22,"RecodeValues":{"1":"-1","2":"0","3":"1"}}},{"SurveyID":"SV_1Xq9nCX0tgPJvng","Element":"SQ","PrimaryAttribute":"QID25","SecondaryAttribute":"At the beginning of the study, we mentioned that some other factors than the attributes might be...","TertiaryAttribute":null,"Payload":{"QuestionText":"At the beginning of the study, we mentioned that some other factors than the attributes might be driving the ROI. Have you noticed anything in that regard?","DefaultChoices":false,"DataExportTag":"OpenEnded","QuestionType":"TE","Selector":"ML","Configuration":{"QuestionDescriptionOption":"UseText","InputWidth":569,"InputHeight":99},"QuestionDescription":"At the beginning of the study, we mentioned that some other factors than the attributes might be...","Validation":{"Settings":{"ForceResponse":"ON","ForceResponseType":"ON","Type":"None"}},"GradingData":[],"Language":[],"NextChoiceId":4,"NextAnswerId":1,"SearchSource":{"AllowFreeResponse":"false"},"QuestionID":"QID25","DataVisibility":{"Private":false,"Hidden":false}}},{"SurveyID":"SV_1Xq9nCX0tgPJvng","Element":"SQ","PrimaryAttribute":"QID27","SecondaryAttribute":"Prediction 1: Based on what you have learned in the 20 rounds of the game, which company do you t...","TertiaryAttribute":null,"Payload":{"QuestionText":"<div>Prediction 1: <br><\/div><div><br><\/div>\n<img style=\"width: 450px; height: 245px;\" src=\"https:\/\/insead.eu.qualtrics.com\/CP\/Graphic.php?IM=IM_0pstGVDymKwfe1n\"><br>\n<br>\n<strong>Based on what you have learned in the 20 rounds of the game, which company do you think would give you the highest ROI?<\/strong>","DefaultChoices":false,"DataExportTag":"Bet1","QuestionType":"MC","Selector":"SAHR","SubSelector":"TX","DataVisibility":{"Private":false,"Hidden":false},"Configuration":{"QuestionDescriptionOption":"UseText","LabelPosition":"BELOW"},"QuestionDescription":"Prediction 1: Based on what you have learned in the 20 rounds of the game, which company do you t...","Choices":{"4":{"Display":"Definitely Company A"},"5":{"Display":"Most Likely Company A"},"7":{"Display":"Probably Company A"},"8":{"Display":"Maybe Company A"},"9":{"Display":"Equally Likely\/Don't Know"},"10":{"Display":"Maybe Company B"},"11":{"Display":"Probably Company B"},"12":{"Display":"Most Likely Company B"},"13":{"Display":"Definitely Company B"}},"ChoiceOrder":["4","5","7","8","9","10","11","12","13"],"Validation":{"Settings":{"ForceResponse":"OFF","Type":"None"}},"RecodeValues":{"4":"-4","5":"-3","7":"-2","8":"-1","9":"0","10":"1","11":"2","12":"3","13":"4"},"GradingData":[],"Language":[],"NextChoiceId":19,"NextAnswerId":1,"QuestionID":"QID27"}},{"SurveyID":"SV_1Xq9nCX0tgPJvng","Element":"SQ","PrimaryAttribute":"QID28","SecondaryAttribute":"Please tell us the extent to which you agree or disagree with the following statements.","TertiaryAttribute":null,"Payload":{"QuestionText":"Please tell us the extent to which you agree or disagree with the following statements.","DefaultChoices":false,"DataExportTag":"Matrix","QuestionType":"Matrix","Selector":"Likert","SubSelector":"SingleAnswer","DataVisibility":{"Private":false,"Hidden":false},"Configuration":{"QuestionDescriptionOption":"UseText","TextPosition":"inline","ChoiceColumnWidth":25,"RepeatHeaders":"middle","WhiteSpace":"OFF","MobileFirst":true},"QuestionDescription":"Please tell us the extent to which you agree or disagree with the following statements.","Choices":{"3":{"Display":"The more the game went on, the more confident I was in which attribute(s) were predictive of the ROIs."},"6":{"Display":"There were not enough rounds to learn about the relationship between attributes and ROIs."},"18":{"Display":"Over time, I managed to learn which attribute(s) were good predictors of the ROI."},"20":{"Display":"Some attributes were better predictors of the ROIs than others."}},"ChoiceOrder":["3","6","18","20"],"Validation":{"Settings":{"ForceResponse":"ON","ForceResponseType":"ON","Type":"None"}},"RecodeValues":{"15":1,"16":2,"17":3,"18":4,"19":5,"20":6,"21":7},"GradingData":[],"Language":[],"NextChoiceId":21,"NextAnswerId":22,"Answers":{"15":{"Display":"Strongly disagree"},"16":{"Display":"Disagree"},"17":{"Display":"Somewhat disagree"},"18":{"Display":"Neither agree nor disagree"},"19":{"Display":"Somewhat agree"},"20":{"Display":"Agree"},"21":{"Display":"Strongly agree"}},"AnswerOrder":["15","16","17","18","19","20","21"],"ChoiceDataExportTags":{"3":"BecameConfident","6":"NotEnoughRound","18":"CouldPredict","20":"AttribDiff"},"QuestionID":"QID28"}},{"SurveyID":"SV_1Xq9nCX0tgPJvng","Element":"SQ","PrimaryAttribute":"QID29","SecondaryAttribute":"Suppose you play the same simulation again, and compete against someone who has never played the...","TertiaryAttribute":null,"Payload":{"QuestionText":"<div>Suppose you play the same simulation again, and compete against someone who has never played the simulation before.<\/div>\n\n<div>&nbsp;<\/div>\n\n<div><strong>How likely it is that your average ROI will be larger than the new player's?<\/strong><\/div>","DefaultChoices":false,"DataExportTag":"EdgeOver","QuestionType":"MC","Selector":"SAHR","SubSelector":"TX","DataVisibility":{"Private":false,"Hidden":false},"Configuration":{"QuestionDescriptionOption":"UseText","LabelPosition":"BELOW"},"QuestionDescription":"Suppose you play the same simulation again, and compete against someone who has never played the...","Choices":{"1":{"Display":"Very unlikely"},"3":{"Display":"Unlikely"},"16":{"Display":"Neither unlikely nor likely"},"17":{"Display":"Likely"},"18":{"Display":"Very likely"}},"ChoiceOrder":["1","3","16","17","18"],"Validation":{"Settings":{"ForceResponse":"ON","ForceResponseType":"ON","Type":"None"}},"RecodeValues":{"3":"2","16":"3","17":"4","18":"5"},"GradingData":[],"Language":[],"NextChoiceId":19,"NextAnswerId":22,"QuestionID":"QID29"}},{"SurveyID":"SV_1Xq9nCX0tgPJvng","Element":"SQ","PrimaryAttribute":"QID31","SecondaryAttribute":"Thank you for your responses. Before the study ends, we have a few additional questions to ask you.","TertiaryAttribute":null,"Payload":{"QuestionText":"<div>Thank you for your responses. Before the study ends, we have a few additional questions to ask you.<br><\/div>","DefaultChoices":false,"DataExportTag":"T","QuestionType":"DB","Selector":"TB","Configuration":{"QuestionDescriptionOption":"UseText"},"QuestionDescription":"Thank you for your responses. Before the study ends, we have a few additional questions to ask you.","ChoiceOrder":[],"Validation":{"Settings":{"Type":"None"}},"GradingData":[],"Language":[],"NextChoiceId":4,"NextAnswerId":1,"QuestionID":"QID31","DataVisibility":{"Private":false,"Hidden":false}}},{"SurveyID":"SV_1Xq9nCX0tgPJvng","Element":"SQ","PrimaryAttribute":"QID33","SecondaryAttribute":"During the game, which Sector of Activity was associated with larger ROIs? Robotics or Biotechnol...","TertiaryAttribute":null,"Payload":{"QuestionText":"<div>\n<div>During the game, which <strong>Sector of Activity <\/strong>was associated with <strong>larger ROIs? <\/strong>Robotics or Biotechnology?<\/div>\n<\/div>","DefaultChoices":false,"DataExportTag":"RoboVsBio","QuestionType":"MC","Selector":"SAHR","SubSelector":"TX","DataVisibility":{"Private":false,"Hidden":false},"Configuration":{"QuestionDescriptionOption":"UseText","LabelPosition":"BELOW"},"QuestionDescription":"During the game, which Sector of Activity was associated with larger ROIs? Robotics or Biotechnol...","Choices":{"1":{"Display":"ROBOTICS"},"2":{"Display":"It did not make a difference"},"3":{"Display":"BIOTECHNOLOGY"}},"ChoiceOrder":["1","2","3"],"Validation":{"Settings":{"ForceResponse":"ON","ForceResponseType":"ON","Type":"None"}},"GradingData":[],"Language":[],"NextChoiceId":5,"NextAnswerId":22,"QuestionID":"QID33","RecodeValues":{"1":"-1","2":"0","3":"1"}}},{"SurveyID":"SV_1Xq9nCX0tgPJvng","Element":"SQ","PrimaryAttribute":"QID34","SecondaryAttribute":"During the game, which Sector of Activity was associated with larger ROIs?\u00a0 Robotics or Electroni..","TertiaryAttribute":null,"Payload":{"QuestionText":"<div>\n<div>During the game, which <strong>Sector of Activity <\/strong>was associated with <strong>larger ROIs?&nbsp;<\/strong> Robotics or Electronics?<\/div>\n<\/div>","DefaultChoices":false,"DataExportTag":"RoboVsElec","QuestionType":"MC","Selector":"SAHR","SubSelector":"TX","DataVisibility":{"Private":false,"Hidden":false},"Configuration":{"QuestionDescriptionOption":"UseText","LabelPosition":"BELOW"},"QuestionDescription":"During the game, which Sector of Activity was associated with larger ROIs?\u00a0 Robotics or Electroni...","Choices":{"1":{"Display":"ROBOTICS"},"2":{"Display":"It did not make a difference"},"3":{"Display":"ELECTRONICS"}},"ChoiceOrder":["1","2","3"],"Validation":{"Settings":{"ForceResponse":"ON","ForceResponseType":"ON","Type":"None"}},"GradingData":[],"Language":[],"NextChoiceId":5,"NextAnswerId":22,"QuestionID":"QID34","RecodeValues":{"1":"-1","2":"0","3":"1"}}},{"SurveyID":"SV_1Xq9nCX0tgPJvng","Element":"SQ","PrimaryAttribute":"QID35","SecondaryAttribute":"During the game, which Sector of Activity was associated with larger ROIs? Biotechnology or Elect...","TertiaryAttribute":null,"Payload":{"QuestionText":"<div>\n<div>During the game, which <strong>Sector of Activity <\/strong>was associated with <strong>larger ROIs? <\/strong>Biotechnology or Electronics?<\/div>\n<\/div>","DefaultChoices":false,"DataExportTag":"BioVsElec","QuestionType":"MC","Selector":"SAHR","SubSelector":"TX","DataVisibility":{"Private":false,"Hidden":false},"Configuration":{"QuestionDescriptionOption":"UseText","LabelPosition":"BELOW"},"QuestionDescription":"During the game, which Sector of Activity was associated with larger ROIs? Biotechnology or Elect...","Choices":{"1":{"Display":"BIOTECHNOLOGY"},"2":{"Display":"It did not make a difference"},"3":{"Display":"ELECTRONICS"}},"ChoiceOrder":["1","2","3"],"Validation":{"Settings":{"ForceResponse":"ON","ForceResponseType":"ON","Type":"None"}},"GradingData":[],"Language":[],"NextChoiceId":5,"NextAnswerId":22,"QuestionID":"QID35","RecodeValues":{"1":"-1","2":"0","3":"1"}}},{"SurveyID":"SV_1Xq9nCX0tgPJvng","Element":"SQ","PrimaryAttribute":"QID36","SecondaryAttribute":"During the game, which Market Size was associated with larger ROIs? Smaller or Larger Markets?","TertiaryAttribute":null,"Payload":{"QuestionText":"<div>During the game, which <strong>Market Size <\/strong>was associated with <strong>larger ROIs? <\/strong>Smaller or Larger Markets?<\/div>","DefaultChoices":false,"DataExportTag":"MS","QuestionType":"MC","Selector":"SAHR","SubSelector":"TX","DataVisibility":{"Private":false,"Hidden":false},"Configuration":{"QuestionDescriptionOption":"UseText","LabelPosition":"BELOW"},"QuestionDescription":"During the game, which Market Size was associated with larger ROIs? Smaller or Larger Markets?","Choices":{"1":{"Display":"A SMALLER Market"},"2":{"Display":"No relationship (It did not make a difference)"},"3":{"Display":"A LARGER Market"}},"ChoiceOrder":["1","2","3"],"Validation":{"Settings":{"ForceResponse":"ON","ForceResponseType":"ON","Type":"None"}},"RecodeValues":{"1":"-1","2":"0","3":"1"},"GradingData":[],"Language":[],"NextChoiceId":5,"NextAnswerId":22,"QuestionID":"QID36"}},{"SurveyID":"SV_1Xq9nCX0tgPJvng","Element":"SQ","PrimaryAttribute":"QID37","SecondaryAttribute":"During the game, which Number of Competitors was associated with larger ROIs? Fewer or More Compe...","TertiaryAttribute":null,"Payload":{"QuestionText":"<div>During the game, which <strong>Number of Competitors <\/strong>was associated with <strong>larger ROIs? <\/strong>Fewer<strong> <\/strong>or More Competitors?<\/div>","DefaultChoices":false,"DataExportTag":"NC","QuestionType":"MC","Selector":"SAHR","SubSelector":"TX","DataVisibility":{"Private":false,"Hidden":false},"Configuration":{"QuestionDescriptionOption":"UseText","LabelPosition":"BELOW"},"QuestionDescription":"During the game, which Number of Competitors was associated with larger ROIs? Fewer or More Compe...","Choices":{"1":{"Display":"FEWER Competitors"},"2":{"Display":"No relationship (It did not make a difference)"},"3":{"Display":"MORE Competitors"}},"ChoiceOrder":["1","2","3"],"Validation":{"Settings":{"ForceResponse":"ON","ForceResponseType":"ON","Type":"None"}},"RecodeValues":{"1":"-1","2":"0","3":"1"},"GradingData":[],"Language":[],"NextChoiceId":5,"NextAnswerId":22,"QuestionID":"QID37"}},{"SurveyID":"SV_1Xq9nCX0tgPJvng","Element":"SQ","PrimaryAttribute":"QID38","SecondaryAttribute":"Prediction 2:Based on what you have learned in the 20 rounds of the game, which company do you th...","TertiaryAttribute":null,"Payload":{"QuestionText":"Prediction 2: <br>\n<br>\n<img style=\"width: 450px; height: 225px;\" src=\"https:\/\/insead.eu.qualtrics.com\/CP\/Graphic.php?IM=IM_3WC43fHCRiI278p\"><br>\n<br>\n<strong>Based on what you have learned in the 20 rounds of the game, which company do you think would give you the highest ROI?<\/strong>","DefaultChoices":false,"DataExportTag":"Bet2","QuestionType":"MC","Selector":"SAHR","SubSelector":"TX","DataVisibility":{"Private":false,"Hidden":false},"Configuration":{"QuestionDescriptionOption":"UseText","LabelPosition":"BELOW"},"QuestionDescription":"Prediction 2:Based on what you have learned in the 20 rounds of the game, which company do you th...","Choices":{"4":{"Display":"Definitely Company C"},"5":{"Display":"Most Likely Company C"},"7":{"Display":"Probably Company C"},"8":{"Display":"Maybe Company C"},"9":{"Display":"Equally Likely to be C and D"},"10":{"Display":"Maybe Company D"},"11":{"Display":"Probably Company D"},"12":{"Display":"Most Likely Company D"},"13":{"Display":"Definitely Company D"}},"ChoiceOrder":["4","5","7","8","9","10","11","12","13"],"Validation":{"Settings":{"ForceResponse":"ON","ForceResponseType":"ON","Type":"None"}},"RecodeValues":{"4":"-4","5":"-3","7":"-2","8":"-1","9":"0","10":"1","11":"2","12":"3","13":"4"},"GradingData":[],"Language":[],"NextChoiceId":14,"NextAnswerId":1,"QuestionID":"QID38"}},{"SurveyID":"SV_1Xq9nCX0tgPJvng","Element":"SQ","PrimaryAttribute":"QID41","SecondaryAttribute":"You will now see four pairs of companies. \u00a0 For each pair, please indicate which investment oppor..","TertiaryAttribute":null,"Payload":{"QuestionText":"<div>You will now see four pairs of companies.<\/div>\n\n<div>&nbsp;<\/div>\n\n<div>For each pair, please indicate <strong>which investment opportunity you think would yield the larger ROI.<\/strong><\/div>","DefaultChoices":false,"DataExportTag":"T","QuestionType":"DB","Selector":"TB","Configuration":{"QuestionDescriptionOption":"UseText"},"QuestionDescription":"You will now see four pairs of companies. \u00a0 For each pair, please indicate which investment oppor...","ChoiceOrder":[],"Validation":{"Settings":{"Type":"None"}},"GradingData":[],"Language":[],"NextChoiceId":4,"NextAnswerId":1,"QuestionID":"QID41","DataVisibility":{"Private":false,"Hidden":false}}},{"SurveyID":"SV_1Xq9nCX0tgPJvng","Element":"SQ","PrimaryAttribute":"QID44","SecondaryAttribute":"I earned more points at end of the game than at the beginning.","TertiaryAttribute":null,"Payload":{"QuestionText":"I earned more points at end of the game than at the beginning.","DataExportTag":"SubjSlope","QuestionType":"MC","Selector":"SAHR","SubSelector":"TX","Configuration":{"QuestionDescriptionOption":"UseText","LabelPosition":"BELOW"},"QuestionDescription":"I earned more points at end of the game than at the beginning.","Choices":{"4":{"Display":"Strongly Disagree"},"5":{"Display":"Disagree"},"6":{"Display":"Somewhat Disagree"},"7":{"Display":"Neither Agree nor Disagree"},"8":{"Display":"Somewhat Agree"},"9":{"Display":"Agree"},"10":{"Display":"Strongly Agree"}},"ChoiceOrder":["4","5","6","7","8","9","10"],"Validation":{"Settings":{"ForceResponse":"ON","ForceResponseType":"ON","Type":"None"}},"Language":[],"NextChoiceId":11,"NextAnswerId":1,"QuestionID":"QID44","DataVisibility":{"Private":false,"Hidden":false}}},{"SurveyID":"SV_1Xq9nCX0tgPJvng","Element":"SQ","PrimaryAttribute":"QID45","SecondaryAttribute":"Finally, on a scale from 1 (Not at all confident) to 7 (Extremely confident), how confident are y...","TertiaryAttribute":null,"Payload":{"QuestionText":"Finally, on a scale from 1 (Not at all confident) to 7 (Extremely confident), how confident are you in the accuracy of the judgements that you just reported?","DefaultChoices":false,"DataExportTag":"Confidence","QuestionType":"MC","Selector":"SAHR","SubSelector":"TX","Configuration":{"QuestionDescriptionOption":"UseText","LabelPosition":"BELOW"},"QuestionDescription":"Finally, on a scale from 1 (Not at all confident) to 7 (Extremely confident), how confident are y...","Choices":{"4":{"Display":"1 (Not at all confident)"},"5":{"Display":"2"},"6":{"Display":"3"},"7":{"Display":"4"},"8":{"Display":"5"},"9":{"Display":"6"},"10":{"Display":"7 (Extremely confident)"}},"ChoiceOrder":["4","5","6","7","8","9","10"],"Validation":{"Settings":{"ForceResponse":"ON","ForceResponseType":"ON","Type":"None"}},"RecodeValues":{"4":"1","5":"2","6":"3","7":"4","8":"5","9":"6","10":"7"},"GradingData":[],"Language":[],"NextChoiceId":11,"NextAnswerId":1,"QuestionID":"QID45","DataVisibility":{"Private":false,"Hidden":false}}},{"SurveyID":"SV_1Xq9nCX0tgPJvng","Element":"SQ","PrimaryAttribute":"QID46","SecondaryAttribute":"Prediction 3:Based on what you have learned in the 20 rounds of the game, which company do you th...","TertiaryAttribute":null,"Payload":{"QuestionText":"Prediction 3:<br \/>\n<br \/>\n<img src=\"https:\/\/insead.eu.qualtrics.com\/CP\/Graphic.php?IM=IM_9B2yqHzNv0EfGbX\" style=\"width: 450px; height: 223px;\" \/><br \/>\n<br \/>\n<strong>Based on what you have learned in the 20 rounds of the game, which company do you think would give you the highest ROI?<\/strong>","DefaultChoices":false,"DataExportTag":"Bet3","QuestionType":"MC","Selector":"SAHR","SubSelector":"TX","DataVisibility":{"Private":false,"Hidden":false},"Configuration":{"QuestionDescriptionOption":"UseText","LabelPosition":"BELOW"},"QuestionDescription":"Prediction 3:Based on what you have learned in the 20 rounds of the game, which company do you th...","Choices":{"4":{"Display":"Definitely Company E"},"5":{"Display":"Most Likely Company E"},"7":{"Display":"Probably Company E"},"8":{"Display":"Maybe Company E"},"9":{"Display":"Equally Likely to be E and F"},"10":{"Display":"Maybe Company F"},"11":{"Display":"Probably Company F"},"12":{"Display":"Most Likely Company F"},"13":{"Display":"Definitely Company F"}},"ChoiceOrder":["4","5","7","8","9","10","11","12","13"],"Validation":{"Settings":{"ForceResponse":"ON","ForceResponseType":"ON","Type":"None"}},"RecodeValues":{"4":"-4","5":"-3","7":"-2","8":"-1","9":"0","10":"1","11":"2","12":"3","13":"4"},"GradingData":[],"Language":[],"NextChoiceId":14,"NextAnswerId":1,"QuestionID":"QID46"}},{"SurveyID":"SV_1Xq9nCX0tgPJvng","Element":"SQ","PrimaryAttribute":"QID47","SecondaryAttribute":"Prediction 4:Based on what you have learned in the 20 rounds of the game, which company do you th...","TertiaryAttribute":null,"Payload":{"QuestionText":"Prediction 4:<br \/>\n<br \/>\n<img src=\"https:\/\/insead.eu.qualtrics.com\/CP\/Graphic.php?IM=IM_bIA0NQ7EVC6fy3H\" style=\"width: 449px; height: 223px;\" \/><br \/>\n<br \/>\n<strong>Based on what you have learned in the 20 rounds of the game, which company do you think would give you the highest ROI?<\/strong>","DefaultChoices":false,"DataExportTag":"Bet4","QuestionType":"MC","Selector":"SAHR","SubSelector":"TX","DataVisibility":{"Private":false,"Hidden":false},"Configuration":{"QuestionDescriptionOption":"UseText","LabelPosition":"BELOW"},"QuestionDescription":"Prediction 4:Based on what you have learned in the 20 rounds of the game, which company do you th...","Choices":{"4":{"Display":"Definitely Company G"},"5":{"Display":"Most Likely Company G"},"7":{"Display":"Probably Company G"},"8":{"Display":"Maybe Company G"},"9":{"Display":"Equally Likely to be G and H"},"10":{"Display":"Maybe Company H"},"11":{"Display":"Probably Company H"},"12":{"Display":"Most Likely Company H"},"13":{"Display":"Definitely Company H"}},"ChoiceOrder":["4","5","7","8","9","10","11","12","13"],"Validation":{"Settings":{"ForceResponse":"ON","ForceResponseType":"ON","Type":"None"}},"RecodeValues":{"4":"-4","5":"-3","7":"-2","8":"-1","9":"0","10":"1","11":"2","12":"3","13":"4"},"GradingData":[],"Language":[],"NextChoiceId":14,"NextAnswerId":1,"QuestionID":"QID47"}},{"SurveyID":"SV_1Xq9nCX0tgPJvng","Element":"STAT","PrimaryAttribute":"Survey Statistics","SecondaryAttribute":null,"TertiaryAttribute":null,"Payload":{"MobileCompatible":false,"ID":"Survey Statistics"}}]}