{"SurveyEntry":{"SurveyID":"SV_1HW7EaM6F6XPgIm","SurveyName":"2025-10-28 - Investing Strategy Prompt - Post","SurveyDescription":null,"SurveyOwnerID":"UR_8HNsUBv4Xq1C36B","SurveyBrandID":"cuboulder","DivisionID":null,"SurveyLanguage":"EN","SurveyActiveResponseSet":"RS_9XBBxcb3D2viVGC","SurveyStatus":"Active","SurveyStartDate":"0000-00-00 00:00:00","SurveyExpirationDate":"0000-00-00 00:00:00","SurveyCreationDate":"2025-10-28 11:49:47","CreatorID":"UR_8HNsUBv4Xq1C36B","LastModified":"2026-04-21 10:46:21","LastAccessed":"0000-00-00 00:00:00","LastActivated":"2025-10-28 12:00:36","Deleted":null},"SurveyElements":[{"SurveyID":"SV_1HW7EaM6F6XPgIm","Element":"BL","PrimaryAttribute":"Survey Blocks","SecondaryAttribute":null,"TertiaryAttribute":null,"Payload":{"1":{"Type":"Trash","Description":"Trash \/ Unused Questions","ID":"BL_1LmOTgbHDv8TdTn","BlockElements":[{"Type":"Question","QuestionID":"QID80"},{"Type":"Question","QuestionID":"QID75"},{"Type":"Question","QuestionID":"QID86"},{"Type":"Question","QuestionID":"QID83"},{"Type":"Question","QuestionID":"QID85"}]},"11":{"Type":"Standard","SubType":"","Description":"AttrBlock","ID":"BL_5BJS588gYYkeUUl","BlockElements":[{"Type":"Question","QuestionID":"QID31"},{"Type":"Question","QuestionID":"QID47"},{"Type":"Page Break"},{"Type":"Question","QuestionID":"QID87"},{"Type":"Page Break"},{"Type":"Question","QuestionID":"QID81"},{"Type":"Question","QuestionID":"QID84"},{"Type":"Page Break"},{"Type":"Question","QuestionID":"QID82"}]}}},{"SurveyID":"SV_1HW7EaM6F6XPgIm","Element":"FL","PrimaryAttribute":"Survey Flow","SecondaryAttribute":null,"TertiaryAttribute":null,"Payload":{"Type":"Root","FlowID":"FL_1","Flow":[{"Type":"EmbeddedData","FlowID":"FL_5","EmbeddedData":[{"Description":"turkid","Type":"Recipient","Field":"turkid","VariableType":"String","DataVisibility":[],"AnalyzeText":false},{"Description":"condid","Type":"Recipient","Field":"condid","VariableType":"String","DataVisibility":[],"AnalyzeText":false},{"Description":"message_type","Type":"Recipient","Field":"message_type","VariableType":"String","DataVisibility":[],"AnalyzeText":false}]},{"Type":"Standard","ID":"BL_5BJS588gYYkeUUl","FlowID":"FL_18","Autofill":[]}],"Properties":{"Count":23}}},{"SurveyID":"SV_1HW7EaM6F6XPgIm","Element":"PL","PrimaryAttribute":"Preview Link","SecondaryAttribute":null,"TertiaryAttribute":null,"Payload":{"PreviewType":"Brand","PreviewID":"b5653928-3f38-4418-b524-ff0405a31d68"}},{"SurveyID":"SV_1HW7EaM6F6XPgIm","Element":"PROJ","PrimaryAttribute":"CORE","SecondaryAttribute":null,"TertiaryAttribute":"1.1.0","Payload":{"ProjectCategory":"CORE","SchemaVersion":"1.1.0"}},{"SurveyID":"SV_1HW7EaM6F6XPgIm","Element":"QC","PrimaryAttribute":"Survey Question Count","SecondaryAttribute":"87","TertiaryAttribute":null,"Payload":null},{"SurveyID":"SV_1HW7EaM6F6XPgIm","Element":"RS","PrimaryAttribute":"RS_9XBBxcb3D2viVGC","SecondaryAttribute":null,"TertiaryAttribute":null,"Payload":null},{"SurveyID":"SV_1HW7EaM6F6XPgIm","Element":"SCO","PrimaryAttribute":"Scoring","SecondaryAttribute":null,"TertiaryAttribute":null,"Payload":{"ScoringCategories":[],"ScoringCategoryGroups":[],"ScoringSummaryCategory":null,"ScoringSummaryAfterQuestions":0,"ScoringSummaryAfterSurvey":0,"DefaultScoringCategory":null,"AutoScoringCategory":null}},{"SurveyID":"SV_1HW7EaM6F6XPgIm","Element":"SO","PrimaryAttribute":"Survey Options","SecondaryAttribute":null,"TertiaryAttribute":null,"Payload":{"BackButton":"false","SaveAndContinue":"true","SurveyProtection":"PublicSurvey","BallotBoxStuffingPrevention":"false","NoIndex":"Yes","SecureResponseFiles":"true","SurveyExpiration":null,"SurveyTermination":"Redirect","Header":"<script>\n\/\/ Helper functions for formatting numbers\nfunction asDollarAmount(x) {\n    return \"$\" + x.toLocaleString(\"en-US\", { minimumFractionDigits: 0, maximumFractionDigits: 0 });\n}\n\nfunction asAmount(x) {\n    return x.toLocaleString(\"en-US\", { minimumFractionDigits: 0, maximumFractionDigits: 0 });\n}\n\n\/\/ Main function to generate signal range\nfunction generateSignalRange(x, tokens, attribute) {\n    let exclusionLevel = tokens * 10;\n\n    \/\/ Ensure exclusionLevel is between 0 and 100\n    if (exclusionLevel < 0 || exclusionLevel > 100) {\n        throw new Error(\"Exclusion level must be between 0 and 100.\");\n    }\n    \n    if (exclusionLevel == 0) {\n        return \"?\";\n    }\n\n    let A, B;\n\n    if (attribute === \"valuation\") {\n        A = 500000;\n        B = 3000000;\n        x = parseFloat(x);\n    } else if (attribute === \"competitors\") {\n        A = 2;\n        B = 14;\n        x = parseFloat(x);\n    } else if (attribute === \"customers\") {\n        A = 2000;\n        B = 14000;\n        x = parseFloat(x);\n    } else {\n\t\tconst possibleValues = [\"Robotics\", \"Electronics\", \"Biotechnology\"];\n\n        \/\/ Compute probabilities for exclusion based on tokens\n        let excludeOneProbability = Math.min(1, tokens \/ 5); \/\/ Higher tokens, higher chance of excluding one\n        let excludeTwoProbability = Math.min(1, Math.max(0, (tokens - 5) \/ 5)); \/\/ Higher tokens after 4, higher chance of excluding two\n\n        \/\/ Determine how many options to exclude\n        let randomValue = Math.random(); \/\/ Generate a random number between 0 and 1\n        if (randomValue < excludeTwoProbability) {\n            \/\/ Exclude two options\n            return x;\n        } else if (randomValue < excludeTwoProbability + excludeOneProbability) {\n            \/\/ Exclude one option\n            const sampledValue = possibleValues.filter(value => value !== x)[Math.floor(Math.random() * 2)];\n            return x + \" or \" + sampledValue;\n        } else {\n            \/\/ Exclude zero options\n            return \"Robotics, Electronics, or Biotechnology\";\n        }\n    }\n\n    \/\/ Calculate the inclusion fraction and inclusion width\n    const inclusionFraction = (100 - exclusionLevel) \/ 100;\n    const totalRange = B - A;\n    const inclusionWidth = totalRange * inclusionFraction;\n\n    \/\/ Define the bounds of the inclusion range\n    let lowerBound = Math.max(A, x - inclusionWidth \/ 2);\n    let upperBound = Math.min(B, x + inclusionWidth \/ 2);\n\n    \/\/ Adjust bounds to ensure the range aligns with inclusion width\n    if ((upperBound - lowerBound) < inclusionWidth) {\n        if (lowerBound === A) {\n            upperBound = A + inclusionWidth;\n        } else if (upperBound === B) {\n            lowerBound = B - inclusionWidth;\n        }\n    }\n\n    \/\/ Format and return the range\n    if (lowerBound !== upperBound) {\n        const values = [Math.round(lowerBound), Math.round(upperBound)];\n        if (attribute === \"valuation\") {\n            return values.map(asDollarAmount).join(\"-\");\n        } else {\n            return values.map(asAmount).join(\"-\");\n        }\n    } else {\n        const value = Math.round(lowerBound);\n        if (attribute === \"valuation\") {\n            return asDollarAmount(value);\n        } else {\n            return asAmount(value);\n        }\n    }\n}\n<\/script>","Footer":"","ProgressBarDisplay":"None","PartialData":"+1 week","ValidationMessage":null,"PreviousButton":" \u2190 ","NextButton":" \u2192 ","SkinLibrary":"cuboulder","SkinType":"templated","Skin":{"brandingId":"2877638256","templateId":"*base","overrides":null},"NewScoring":1,"EOSMessage":"MS_bKJxVD4kv84uT9b","ShowExportTags":"false","CollectGeoLocation":"false","SurveyTitle":"Online Survey Software | Qualtrics Survey Solutions","SurveyMetaDescription":"Qualtrics sophisticated online survey software solutions make creating online surveys easy. Learn more about Research Suite and get a free account today.","PasswordProtection":"No","AnonymizeResponse":"No","Password":"","RefererCheck":"No","RefererURL":"http:\/\/","ResponseSummary":"No","EOSMessageLibrary":"UR_8HNsUBv4Xq1C36B","EOSRedirectURL":"https:\/\/connect.cloudresearch.com\/participant\/project\/3BD4FDF962\/complete","EmailThankYou":"false","ThankYouEmailMessageLibrary":null,"ThankYouEmailMessage":null,"ValidateMessage":"false","ValidationMessageLibrary":null,"InactiveSurvey":"DefaultMessage","PartialDataCloseAfter":"LastActivity","ActiveResponseSet":null,"InactiveMessageLibrary":"","InactiveMessage":"","AvailableLanguages":{"EN":[]},"UseCustomSurveyLinkCompletedMessage":null,"SurveyLinkCompletedMessage":"","SurveyLinkCompletedMessageLibrary":"","headerMid":"","BallotBoxStuffingPreventionBehavior":null,"BallotBoxStuffingPreventionMessage":null,"BallotBoxStuffingPreventionMessageLibrary":null,"BallotBoxStuffingPreventionURL":null,"RecaptchaV3":"false","ConfirmStart":false,"AutoConfirmStart":false,"RelevantID":"false","RelevantIDLockoutPeriod":"+30 days","PartialDeletion":null,"SurveyName":"2025-10-28 - Investing Strategy Prompt - Post","ProtectSelectionIds":true,"CustomStyles":{"customCSS":".project-label {\n  padding: 0 6px 0 6px;\n  color: black;\n}\n\n.project-one {\n  background-color: #ff470f;\n}\n\n.project-two {\n  background-color: #ffdd57;\n}\n\n.project-three {\n  background-color: #23d160;\n}\n\n.project-four {\n  background-color: #00d1b2;\n}"}}},{"SurveyID":"SV_1HW7EaM6F6XPgIm","Element":"SQ","PrimaryAttribute":"QID31","SecondaryAttribute":"Thank you for playing the game. We now have a few questions to ask you.","TertiaryAttribute":null,"Payload":{"QuestionText":"<div>Thank you for playing the game.<\/div><div><br><\/div><div>We now have a few questions to ask you.<\/div>","DefaultChoices":false,"DataExportTag":"T","QuestionType":"DB","Selector":"TB","Configuration":{"QuestionDescriptionOption":"UseText"},"QuestionDescription":"Thank you for playing the game. We now have a few questions to ask you.","ChoiceOrder":[],"Validation":{"Settings":{"Type":"None"}},"GradingData":[],"Language":[],"NextChoiceId":4,"NextAnswerId":1,"QuestionID":"QID31","DataVisibility":{"Private":false,"Hidden":false}}},{"SurveyID":"SV_1HW7EaM6F6XPgIm","Element":"SQ","PrimaryAttribute":"QID47","SecondaryAttribute":"First, please tell us the extent to which you agree or disagree with each of the following statem...","TertiaryAttribute":null,"Payload":{"AnswerOrder":["8","9","10","11","12"],"Answers":{"8":{"Display":"Strongly Disagree"},"9":{"Display":"Somewhat Disagree"},"10":{"Display":"Neither Agree nor Disagree"},"11":{"Display":"Somewhat Agree"},"12":{"Display":"Strongly Agree"}},"ChoiceDataExportTags":{"1":"CouldLearn_1","3":"CouldLearn_2","6":"CouldLearn_3"},"ChoiceOrder":["1","3","6"],"Choices":{"1":{"Display":"I managed to learn which characteristics of companies (if any) had an impact on the ROI they generated"},"3":{"Display":"I understood how the characteristics of companies relate to their ROIs"},"6":{"Display":"I know which characteristics of companies affected their ROIs, and in which direction"}},"Configuration":{"Autoscale":{"XScale":{"Name":"agreeDisagree","Reverse":false,"Type":"likert"}},"ChoiceColumnWidth":25,"MobileFirst":true,"QuestionDescriptionOption":"UseText","RepeatHeaders":"none","TextPosition":"inline","WhiteSpace":"OFF"},"DataExportTag":"CouldLearn","DataVisibility":{"Hidden":false,"Private":false},"DefaultChoices":false,"GradingData":[],"Language":[],"NextAnswerId":13,"NextChoiceId":8,"QuestionDescription":"First, please tell us the extent to which you agree or disagree with each of the following statem...","QuestionID":"QID47","QuestionText":"First, please tell us the extent to which you agree or disagree with each of the following statements.&nbsp;","QuestionText_Unsafe":"Next, please tell us the extent to which you agree or disagree with each of the following statements.&nbsp;","QuestionType":"Matrix","RecodeValues":{"8":"-2","9":"-1","10":"0","11":"1","12":"2"},"Selector":"Likert","SubSelector":"SingleAnswer","Validation":{"Settings":{"ForceResponse":"ON","ForceResponseType":"ON","Type":"None"}},"Randomization":{"TotalRandSubset":""}}},{"SurveyID":"SV_1HW7EaM6F6XPgIm","Element":"SQ","PrimaryAttribute":"QID75","SecondaryAttribute":"Now, we are going to show you a list of statements about the relationships between company charac...","TertiaryAttribute":null,"Payload":{"QuestionText":"Now, we are going to show you a list of statements about the relationships between company characteristics and ROIs<br>\n<br>\n<strong>For each statement,<\/strong> indicate how confident you are that the statement is <strong>CORRECT.<br>\n<br>\nDuring the game...<\/strong>","DefaultChoices":false,"DataExportTag":"IllusoryBeliefs","QuestionID":"QID75","QuestionType":"Matrix","Selector":"Likert","SubSelector":"SingleAnswer","DataVisibility":{"Private":false,"Hidden":false},"Configuration":{"QuestionDescriptionOption":"UseText","TextPosition":"inline","ChoiceColumnWidth":25,"RepeatHeaders":"none","WhiteSpace":"OFF","MobileFirst":true},"QuestionDescription":"Now, we are going to show you a list of statements about the relationships between company charac...","Choices":{"1":{"Display":"... a larger Number of Competitors had a NEGATIVE impact on the ROI"},"2":{"Display":"... a larger Market Size had a POSITIVE impact on the ROI"},"3":{"Display":"... a larger Company Valuation had a POSITIVE impact on the ROI"}},"ChoiceOrder":[1,2,3],"Validation":{"Settings":{"ForceResponse":"ON","ForceResponseType":"ON","Type":"None"}},"GradingData":[],"Language":[],"NextChoiceId":4,"NextAnswerId":6,"Answers":{"1":{"Display":"Not at all confident (1)"},"2":{"Display":"2"},"3":{"Display":"3"},"4":{"Display":"4"},"5":{"Display":"Extremely confident (5)"}},"AnswerOrder":["1","2","3","4","5"],"ChoiceDataExportTags":{"1":"Confidence_NC","2":"Confidence_MS","3":"Confidence_CV"},"Randomization":{"Advanced":null,"TotalRandSubset":"","Type":"All"}}},{"SurveyID":"SV_1HW7EaM6F6XPgIm","Element":"SQ","PrimaryAttribute":"QID80","SecondaryAttribute":"Finally, what do you think was true during the game you played?","TertiaryAttribute":null,"Payload":{"QuestionText":"Finally, what do you think was true during the game you played?","DataExportTag":"Slope","QuestionType":"MC","Selector":"SAVR","SubSelector":"TX","DataVisibility":{"Private":false,"Hidden":false},"Configuration":{"QuestionDescriptionOption":"UseText"},"QuestionDescription":"Finally, what do you think was true during the game you played?","Choices":{"1":{"Display":"The ROI tended to increase over time, independently of which company I decided to invest in"},"2":{"Display":"The ROI tended to stay constant over time, independently of which company I decided to invest in"}},"ChoiceOrder":[1,2],"Validation":{"Settings":{"ForceResponse":"ON","ForceResponseType":"ON","Type":"None"}},"Language":[],"NextChoiceId":3,"NextAnswerId":1,"QuestionID":"QID80"}},{"SurveyID":"SV_1HW7EaM6F6XPgIm","Element":"SQ","PrimaryAttribute":"QID81","SecondaryAttribute":"Next, we would like you to tell us how you tried to test the accuracy of your beliefs about the r...","TertiaryAttribute":null,"Payload":{"QuestionText":"Next, we would like you to tell us how you tried to test the accuracy of your beliefs about the relationships between company characteristics and ROIs.<br>\n<br>\nWe are going to show you two strategies: <strong>Please tell us how often you applied each of them DURING THE FIRST HALF OF THE GAME (i.e., in the rounds 1 through 10).<\/strong>","DefaultChoices":false,"DataExportTag":"strategy_first","QuestionType":"Matrix","Selector":"Likert","SubSelector":"SingleAnswer","DataVisibility":{"Private":false,"Hidden":false},"Configuration":{"QuestionDescriptionOption":"UseText","TextPosition":"inline","ChoiceColumnWidth":25,"RepeatHeaders":"none","WhiteSpace":"OFF","MobileFirst":true,"Autoscale":{"XScale":{"Name":"neverAlways","Type":"likert","Reverse":false}}},"QuestionDescription":"Next, we would like you to tell us how you tried to test the accuracy of your beliefs about the r...","Choices":{"1":{"Display":"I clicked on companies I believed would generate a <b>high&nbsp;<\/b>ROI, and checked whether the ROI was indeed <strong>high<\/strong>."},"2":{"Display":"I clicked on companies I believed would generate a <b>low&nbsp;<\/b>ROI, and checked whether the ROI was indeed <strong>low<\/strong>."}},"ChoiceOrder":[1,2],"Randomization":{"Advanced":null,"TotalRandSubset":"","Type":"All"},"Validation":{"Settings":{"ForceResponse":"ON","ForceResponseType":"ON","Type":"None"}},"GradingData":[],"Language":[],"NextChoiceId":3,"NextAnswerId":6,"Answers":{"1":{"Display":"Never or Almost Never"},"2":{"Display":"Less than Half the Time"},"3":{"Display":"Approximately Half the Time"},"4":{"Display":"More than Half the Time"},"5":{"Display":"Always or Almost Always"}},"AnswerOrder":[1,2,3,4,5],"ChoiceDataExportTags":{"1":"Positive_Test_First","2":"Negative_Test_First"},"QuestionID":"QID81"}},{"SurveyID":"SV_1HW7EaM6F6XPgIm","Element":"SQ","PrimaryAttribute":"QID82","SecondaryAttribute":"Finally, what do you think was true during the game you played?","TertiaryAttribute":null,"Payload":{"ChoiceOrder":[1,2,3],"Choices":{"1":{"Display":"The ROI tended to increase over time, independently of which company I decided to invest in"},"2":{"Display":"The ROI tended to stay constant over time, independently of which company I decided to invest in"},"3":{"Display":"The ROI tended to decrease over time, independently of which company I decided to invest in"}},"Configuration":{"QuestionDescriptionOption":"UseText"},"DataExportTag":"Slope","DataVisibility":{"Hidden":false,"Private":false},"Language":[],"NextAnswerId":1,"NextChoiceId":4,"QuestionDescription":"Finally, what do you think was true during the game you played?","QuestionID":"QID82","QuestionText":"Finally, what do you think was true during the game you played?","QuestionText_Unsafe":"Finally, what do you think was true during the game you played?","QuestionType":"MC","Selector":"SAVR","SubSelector":"TX","Validation":{"Settings":{"ForceResponse":"ON","ForceResponseType":"ON","Type":"None"}}}},{"SurveyID":"SV_1HW7EaM6F6XPgIm","Element":"SQ","PrimaryAttribute":"QID83","SecondaryAttribute":"Next, how do you think each of the following attributes influenced the ROI?","TertiaryAttribute":null,"Payload":{"QuestionText":"Next, how do you think each of the following attributes influenced the ROI?","DefaultChoices":false,"DataExportTag":"Belief","QuestionID":"QID83","QuestionType":"Matrix","Selector":"Likert","SubSelector":"SingleAnswer","DataVisibility":{"Private":false,"Hidden":false},"Configuration":{"QuestionDescriptionOption":"UseText","TextPosition":"inline","ChoiceColumnWidth":25,"RepeatHeaders":"none","WhiteSpace":"OFF","MobileFirst":true},"QuestionDescription":"Next, how do you think each of the following attributes influenced the ROI?","Choices":{"1":{"Display":"Higher Company Valuation"},"2":{"Display":"Larger Market Valuation"},"3":{"Display":"Larger Number of Competitors"},"4":{"Display":"Activity: Robotics (vs. Electronics)"},"5":{"Display":"Activity: Biotechnology (vs. Electronics)"}},"ChoiceOrder":[1,2,3,4,5],"Validation":{"Settings":{"ForceResponse":"ON","ForceResponseType":"ON","Type":"None"}},"GradingData":[],"Language":[],"NextChoiceId":6,"NextAnswerId":6,"Answers":{"1":{"Display":"Strong Negative Influence"},"2":{"Display":"Weak Negative Influence"},"3":{"Display":"No Influence"},"4":{"Display":"Weak Positive Influence"},"5":{"Display":"Strong Positive Influence"}},"AnswerOrder":[1,2,3,4,5],"ChoiceDataExportTags":false,"RecodeValues":{"1":"-2","2":"-1","3":"0","4":"1","5":"2"}}},{"SurveyID":"SV_1HW7EaM6F6XPgIm","Element":"SQ","PrimaryAttribute":"QID84","SecondaryAttribute":"Now, please tell us how often you applied each of these strategies\u00a0DURING THE SECOND HALF OF THE...","TertiaryAttribute":null,"Payload":{"QuestionText":"Now, please tell us how often you applied each of these strategies&nbsp;<strong>DURING THE SECOND HALF OF THE GAME (i.e., in the rounds 11 through 20).<\/strong>","DefaultChoices":false,"DataExportTag":"strategy_second","QuestionType":"Matrix","Selector":"Likert","SubSelector":"SingleAnswer","DataVisibility":{"Private":false,"Hidden":false},"Configuration":{"QuestionDescriptionOption":"UseText","TextPosition":"inline","Autoscale":{"XScale":{"Name":"neverAlways","Type":"likert","Reverse":false}},"ChoiceColumnWidth":25,"RepeatHeaders":"none","WhiteSpace":"OFF","MobileFirst":true},"QuestionDescription":"Now, please tell us how often you applied each of these strategies\u00a0DURING THE SECOND HALF OF THE...","Choices":{"1":{"Display":"I clicked on companies I believed would generate a <b>high&nbsp;<\/b>ROI, and checked whether the ROI was indeed <strong>high<\/strong>."},"2":{"Display":"I clicked on companies I believed would generate a <b>low&nbsp;<\/b>ROI, and checked whether the ROI was indeed <strong>low<\/strong>."}},"ChoiceOrder":[1,2],"Randomization":{"Advanced":null,"TotalRandSubset":"","Type":"All"},"Validation":{"Settings":{"ForceResponse":"ON","ForceResponseType":"ON","Type":"None"}},"GradingData":[],"Language":[],"NextChoiceId":3,"NextAnswerId":6,"Answers":{"1":{"Display":"Never or Almost Never"},"2":{"Display":"Less than Half the Time"},"3":{"Display":"Approximately Half the Time"},"4":{"Display":"More than Half the Time"},"5":{"Display":"Always or Almost Always"}},"AnswerOrder":[1,2,3,4,5],"ChoiceDataExportTags":{"1":"Positive_Test_Second","2":"Negative_Test_Second"},"QuestionID":"QID84"}},{"SurveyID":"SV_1HW7EaM6F6XPgIm","Element":"SQ","PrimaryAttribute":"QID85","SecondaryAttribute":"How confident are you that the ratings you've just reported are accurate?","TertiaryAttribute":null,"Payload":{"QuestionText":"How confident are you that the ratings you've just reported are accurate?","DataExportTag":"Confidence","QuestionType":"MC","Selector":"SAHR","SubSelector":"TX","DataVisibility":{"Private":false,"Hidden":false},"Configuration":{"QuestionDescriptionOption":"UseText","LabelPosition":"BELOW"},"QuestionDescription":"How confident are you that the ratings you've just reported are accurate?","Choices":{"1":{"Display":"Not at all confident (1)"},"2":{"Display":"2"},"3":{"Display":"3"},"4":{"Display":"4"},"5":{"Display":"Extremely Confident (5)"}},"ChoiceOrder":["1","2","3","4","5"],"Validation":{"Settings":{"ForceResponse":"ON","ForceResponseType":"ON","Type":"None"}},"Language":[],"NextChoiceId":6,"NextAnswerId":1,"QuestionID":"QID85"}},{"SurveyID":"SV_1HW7EaM6F6XPgIm","Element":"SQ","PrimaryAttribute":"QID86","SecondaryAttribute":"First, please tell us the extent to which you agree or disagree with each of the following statem...","TertiaryAttribute":null,"Payload":{"AnswerOrder":["8","9","10","11","12"],"Answers":{"10":{"Display":"Neither agree nor disagree"},"11":{"Display":"Somewhat agree"},"12":{"Display":"Strongly agree"},"8":{"Display":"Strongly disagree"},"9":{"Display":"Somewhat disagree"}},"ChoiceDataExportTags":{"1":"CouldLearn_1","3":"CouldLearn_2","6":"CouldLearn_3"},"ChoiceOrder":["1","3","6"],"Choices":{"1":{"Display":"I managed to learn which characteristics of companies (if any) had an impact on the ROI they generated"},"3":{"Display":"I understood how the characteristics of companies relate to their ROIs"},"6":{"Display":"I know which characteristics of companies affected their ROIs, and in which direction"}},"Configuration":{"Autoscale":{"XScale":{"Name":"agreeDisagree","Reverse":false,"Type":"likert"}},"ChoiceColumnWidth":25,"MobileFirst":true,"QuestionDescriptionOption":"UseText","RepeatHeaders":"none","TextPosition":"inline","WhiteSpace":"OFF"},"DataExportTag":"CouldLearn","DataVisibility":{"Hidden":false,"Private":false},"DefaultChoices":false,"GradingData":[],"Language":[],"NextAnswerId":13,"NextChoiceId":8,"QuestionDescription":"First, please tell us the extent to which you agree or disagree with each of the following statem...","QuestionID":"QID86","QuestionText":"First, please tell us the extent to which you agree or disagree with each of the following statements.&nbsp;","QuestionText_Unsafe":"First, please tell us the extent to which you agree or disagree with each of the following statements.&nbsp;","QuestionType":"Matrix","RecodeValues":{"10":"0","11":"1","12":"2","8":"-2","9":"-1"},"Selector":"Likert","SubSelector":"SingleAnswer","Validation":{"Settings":{"ForceResponse":"ON","ForceResponseType":"ON","Type":"None"}}}},{"SurveyID":"SV_1HW7EaM6F6XPgIm","Element":"SQ","PrimaryAttribute":"QID87","SecondaryAttribute":"Now, we are going to show you a list of statements about the relationships between company charac...","TertiaryAttribute":null,"Payload":{"AnswerOrder":["1","2","3","4","5"],"Answers":{"1":{"Display":"Not at all confident (1)"},"2":{"Display":"2"},"3":{"Display":"3"},"4":{"Display":"4"},"5":{"Display":"Extremely confident (5)"}},"ChoiceDataExportTags":{"1":"Confidence_NC","2":"Confidence_MS","3":"Confidence_CV","4":"Confidence_SA"},"ChoiceOrder":[1,2,3,"4"],"Choices":{"1":{"Display":"... a larger Number of Competitors had a NEGATIVE impact on the ROI"},"2":{"Display":"... a larger Market Size had a POSITIVE impact on the ROI"},"3":{"Display":"... a larger Company Valuation had a POSITIVE impact on the ROI"},"4":{"Display":"... the Sector of Activity had an impact on the ROI"}},"Configuration":{"ChoiceColumnWidth":25,"MobileFirst":true,"QuestionDescriptionOption":"UseText","RepeatHeaders":"none","TextPosition":"inline","WhiteSpace":"OFF"},"DataExportTag":"IllusoryBeliefs","DataVisibility":{"Hidden":false,"Private":false},"DefaultChoices":false,"GradingData":[],"Language":[],"NextAnswerId":6,"NextChoiceId":5,"QuestionDescription":"Now, we are going to show you a list of statements about the relationships between company charac...","QuestionID":"QID87","QuestionText":"Now, we are going to show you a list of statements about the relationships between company characteristics and ROIs<br \/>\n<br \/>\n<strong>For each statement,<\/strong> indicate how confident you are that the statement is <strong>CORRECT.<br \/>\n<br \/>\nDuring the game...<\/strong>","QuestionText_Unsafe":"Now, we are going to show you a list of statements about the relationships between company characteristics and ROIs<br>\n<br>\n<strong>For each statement,<\/strong> indicate how confident you are that the statement is <strong>CORRECT.<br>\n<br>\nDuring the game...<\/strong>","QuestionType":"Matrix","Randomization":{"Advanced":null,"TotalRandSubset":"","Type":"None"},"Selector":"Likert","SubSelector":"SingleAnswer","Validation":{"Settings":{"ForceResponse":"ON","ForceResponseType":"ON","Type":"None"}}}},{"SurveyID":"SV_1HW7EaM6F6XPgIm","Element":"STAT","PrimaryAttribute":"Survey Statistics","SecondaryAttribute":null,"TertiaryAttribute":null,"Payload":{"MobileCompatible":false,"ID":"Survey Statistics"}}]}