{"SurveyEntry":{"SurveyID":"SV_e4hNiBKgCaqNcx0","SurveyName":"2025-09-05 - Investing Slope Warning - Post","SurveyDescription":null,"SurveyOwnerID":"UR_8HNsUBv4Xq1C36B","SurveyBrandID":"cuboulder","DivisionID":null,"SurveyLanguage":"EN","SurveyActiveResponseSet":"RS_9YJQTD6oRpE2fMq","SurveyStatus":"Active","SurveyStartDate":"0000-00-00 00:00:00","SurveyExpirationDate":"0000-00-00 00:00:00","SurveyCreationDate":"2025-09-05 11:41:31","CreatorID":"UR_8HNsUBv4Xq1C36B","LastModified":"2026-04-21 10:47:06","LastAccessed":"0000-00-00 00:00:00","LastActivated":"2025-09-11 09:11:33","Deleted":null},"SurveyElements":[{"SurveyID":"SV_e4hNiBKgCaqNcx0","Element":"BL","PrimaryAttribute":"Survey Blocks","SecondaryAttribute":null,"TertiaryAttribute":null,"Payload":{"1":{"Type":"Trash","Description":"Trash \/ Unused Questions","ID":"BL_1LmOTgbHDv8TdTn","BlockElements":[]},"11":{"Type":"Standard","SubType":"","Description":"AttrBlock","ID":"BL_5BJS588gYYkeUUl","BlockElements":[{"Type":"Question","QuestionID":"QID31"},{"Type":"Question","QuestionID":"QID47"},{"Type":"Page Break"},{"Type":"Question","QuestionID":"QID75"},{"Type":"Page Break"},{"Type":"Question","QuestionID":"QID80"}]}}},{"SurveyID":"SV_e4hNiBKgCaqNcx0","Element":"FL","PrimaryAttribute":"Survey Flow","SecondaryAttribute":null,"TertiaryAttribute":null,"Payload":{"Type":"Root","FlowID":"FL_1","Flow":[{"Type":"EmbeddedData","FlowID":"FL_5","EmbeddedData":[{"Description":"turkid","Type":"Recipient","Field":"turkid","VariableType":"String","DataVisibility":[],"AnalyzeText":false},{"Description":"condid","Type":"Recipient","Field":"condid","VariableType":"String","DataVisibility":[],"AnalyzeText":false}]},{"Type":"Standard","ID":"BL_5BJS588gYYkeUUl","FlowID":"FL_18","Autofill":[]}],"Properties":{"Count":23}}},{"SurveyID":"SV_e4hNiBKgCaqNcx0","Element":"PL","PrimaryAttribute":"Preview Link","SecondaryAttribute":null,"TertiaryAttribute":null,"Payload":{"PreviewType":"Brand","PreviewID":"b974f28a-2adf-47d3-9ba2-c36ac7e0b891"}},{"SurveyID":"SV_e4hNiBKgCaqNcx0","Element":"PROJ","PrimaryAttribute":"CORE","SecondaryAttribute":null,"TertiaryAttribute":"1.1.0","Payload":{"ProjectCategory":"CORE","SchemaVersion":"1.1.0"}},{"SurveyID":"SV_e4hNiBKgCaqNcx0","Element":"QC","PrimaryAttribute":"Survey Question Count","SecondaryAttribute":"80","TertiaryAttribute":null,"Payload":null},{"SurveyID":"SV_e4hNiBKgCaqNcx0","Element":"RS","PrimaryAttribute":"RS_9YJQTD6oRpE2fMq","SecondaryAttribute":null,"TertiaryAttribute":null,"Payload":null},{"SurveyID":"SV_e4hNiBKgCaqNcx0","Element":"SCO","PrimaryAttribute":"Scoring","SecondaryAttribute":null,"TertiaryAttribute":null,"Payload":{"ScoringCategories":[],"ScoringCategoryGroups":[],"ScoringSummaryCategory":null,"ScoringSummaryAfterQuestions":0,"ScoringSummaryAfterSurvey":0,"DefaultScoringCategory":null,"AutoScoringCategory":null}},{"SurveyID":"SV_e4hNiBKgCaqNcx0","Element":"SO","PrimaryAttribute":"Survey Options","SecondaryAttribute":null,"TertiaryAttribute":null,"Payload":{"BackButton":"false","SaveAndContinue":"true","SurveyProtection":"PublicSurvey","BallotBoxStuffingPrevention":"false","NoIndex":"Yes","SecureResponseFiles":"true","SurveyExpiration":null,"SurveyTermination":"Redirect","Header":"<script>\n\/\/ Helper functions for formatting numbers\nfunction asDollarAmount(x) {\n    return \"$\" + x.toLocaleString(\"en-US\", { minimumFractionDigits: 0, maximumFractionDigits: 0 });\n}\n\nfunction asAmount(x) {\n    return x.toLocaleString(\"en-US\", { minimumFractionDigits: 0, maximumFractionDigits: 0 });\n}\n\n\/\/ Main function to generate signal range\nfunction generateSignalRange(x, tokens, attribute) {\n    let exclusionLevel = tokens * 10;\n\n    \/\/ Ensure exclusionLevel is between 0 and 100\n    if (exclusionLevel < 0 || exclusionLevel > 100) {\n        throw new Error(\"Exclusion level must be between 0 and 100.\");\n    }\n    \n    if (exclusionLevel == 0) {\n        return \"?\";\n    }\n\n    let A, B;\n\n    if (attribute === \"valuation\") {\n        A = 500000;\n        B = 3000000;\n        x = parseFloat(x);\n    } else if (attribute === \"competitors\") {\n        A = 2;\n        B = 14;\n        x = parseFloat(x);\n    } else if (attribute === \"customers\") {\n        A = 2000;\n        B = 14000;\n        x = parseFloat(x);\n    } else {\n\t\tconst possibleValues = [\"Robotics\", \"Electronics\", \"Biotechnology\"];\n\n        \/\/ Compute probabilities for exclusion based on tokens\n        let excludeOneProbability = Math.min(1, tokens \/ 5); \/\/ Higher tokens, higher chance of excluding one\n        let excludeTwoProbability = Math.min(1, Math.max(0, (tokens - 5) \/ 5)); \/\/ Higher tokens after 4, higher chance of excluding two\n\n        \/\/ Determine how many options to exclude\n        let randomValue = Math.random(); \/\/ Generate a random number between 0 and 1\n        if (randomValue < excludeTwoProbability) {\n            \/\/ Exclude two options\n            return x;\n        } else if (randomValue < excludeTwoProbability + excludeOneProbability) {\n            \/\/ Exclude one option\n            const sampledValue = possibleValues.filter(value => value !== x)[Math.floor(Math.random() * 2)];\n            return x + \" or \" + sampledValue;\n        } else {\n            \/\/ Exclude zero options\n            return \"Robotics, Electronics, or Biotechnology\";\n        }\n    }\n\n    \/\/ Calculate the inclusion fraction and inclusion width\n    const inclusionFraction = (100 - exclusionLevel) \/ 100;\n    const totalRange = B - A;\n    const inclusionWidth = totalRange * inclusionFraction;\n\n    \/\/ Define the bounds of the inclusion range\n    let lowerBound = Math.max(A, x - inclusionWidth \/ 2);\n    let upperBound = Math.min(B, x + inclusionWidth \/ 2);\n\n    \/\/ Adjust bounds to ensure the range aligns with inclusion width\n    if ((upperBound - lowerBound) < inclusionWidth) {\n        if (lowerBound === A) {\n            upperBound = A + inclusionWidth;\n        } else if (upperBound === B) {\n            lowerBound = B - inclusionWidth;\n        }\n    }\n\n    \/\/ Format and return the range\n    if (lowerBound !== upperBound) {\n        const values = [Math.round(lowerBound), Math.round(upperBound)];\n        if (attribute === \"valuation\") {\n            return values.map(asDollarAmount).join(\"-\");\n        } else {\n            return values.map(asAmount).join(\"-\");\n        }\n    } else {\n        const value = Math.round(lowerBound);\n        if (attribute === \"valuation\") {\n            return asDollarAmount(value);\n        } else {\n            return asAmount(value);\n        }\n    }\n}\n<\/script>","Footer":"","ProgressBarDisplay":"None","PartialData":"+1 week","ValidationMessage":null,"PreviousButton":" \u2190 ","NextButton":" \u2192 ","SkinLibrary":"cuboulder","SkinType":"templated","Skin":{"brandingId":"2877638256","templateId":"*base","overrides":null},"NewScoring":1,"EOSMessage":"MS_bKJxVD4kv84uT9b","ShowExportTags":"false","CollectGeoLocation":"false","SurveyTitle":"Online Survey Software | Qualtrics Survey Solutions","SurveyMetaDescription":"Qualtrics sophisticated online survey software solutions make creating online surveys easy. Learn more about Research Suite and get a free account today.","PasswordProtection":"No","AnonymizeResponse":"No","Password":"","RefererCheck":"No","RefererURL":"http:\/\/","ResponseSummary":"No","EOSMessageLibrary":"UR_8HNsUBv4Xq1C36B","EOSRedirectURL":"https:\/\/connect.cloudresearch.com\/participant\/project\/8514DCD5CF\/complete","EmailThankYou":"false","ThankYouEmailMessageLibrary":null,"ThankYouEmailMessage":null,"ValidateMessage":"false","ValidationMessageLibrary":null,"InactiveSurvey":"DefaultMessage","PartialDataCloseAfter":"LastActivity","ActiveResponseSet":null,"InactiveMessageLibrary":"","InactiveMessage":"","AvailableLanguages":{"EN":[]},"UseCustomSurveyLinkCompletedMessage":null,"SurveyLinkCompletedMessage":"","SurveyLinkCompletedMessageLibrary":"","headerMid":"","BallotBoxStuffingPreventionBehavior":null,"BallotBoxStuffingPreventionMessage":null,"BallotBoxStuffingPreventionMessageLibrary":null,"BallotBoxStuffingPreventionURL":null,"RecaptchaV3":"false","ConfirmStart":false,"AutoConfirmStart":false,"RelevantID":"false","RelevantIDLockoutPeriod":"+30 days","PartialDeletion":null,"ProtectSelectionIds":true,"CustomStyles":{"customCSS":".project-label {\n  padding: 0 6px 0 6px;\n  color: black;\n}\n\n.project-one {\n  background-color: #ff470f;\n}\n\n.project-two {\n  background-color: #ffdd57;\n}\n\n.project-three {\n  background-color: #23d160;\n}\n\n.project-four {\n  background-color: #00d1b2;\n}"}}},{"SurveyID":"SV_e4hNiBKgCaqNcx0","Element":"SQ","PrimaryAttribute":"QID31","SecondaryAttribute":"Thank you for playing the game. We now have a few questions to ask you.","TertiaryAttribute":null,"Payload":{"QuestionText":"<div>Thank you for playing the game.<\/div><div><br><\/div><div>We now have a few questions to ask you.<\/div>","DefaultChoices":false,"DataExportTag":"T","QuestionType":"DB","Selector":"TB","Configuration":{"QuestionDescriptionOption":"UseText"},"QuestionDescription":"Thank you for playing the game. We now have a few questions to ask you.","ChoiceOrder":[],"Validation":{"Settings":{"Type":"None"}},"GradingData":[],"Language":[],"NextChoiceId":4,"NextAnswerId":1,"QuestionID":"QID31","DataVisibility":{"Private":false,"Hidden":false}}},{"SurveyID":"SV_e4hNiBKgCaqNcx0","Element":"SQ","PrimaryAttribute":"QID47","SecondaryAttribute":"First, please tell us the extent to which you agree or disagree with each of the following statem...","TertiaryAttribute":null,"Payload":{"AnswerOrder":["8","9","10","11","12"],"Answers":{"8":{"Display":"Strongly disagree"},"9":{"Display":"Somewhat disagree"},"10":{"Display":"Neither agree nor disagree"},"11":{"Display":"Somewhat agree"},"12":{"Display":"Strongly agree"}},"ChoiceDataExportTags":{"1":"CouldLearn_1","3":"CouldLearn_2","6":"CouldLearn_3"},"ChoiceOrder":["1","3","6"],"Choices":{"1":{"Display":"I managed to learn which characteristics of companies (if any) had an impact on the ROI they generated"},"3":{"Display":"I understood how the characteristics of companies relate to their ROIs"},"6":{"Display":"I know which characteristics of companies affected their ROIs, and in which direction"}},"Configuration":{"Autoscale":{"XScale":{"Name":"agreeDisagree","Reverse":false,"Type":"likert"}},"ChoiceColumnWidth":25,"MobileFirst":true,"QuestionDescriptionOption":"UseText","RepeatHeaders":"none","TextPosition":"inline","WhiteSpace":"OFF"},"DataExportTag":"CouldLearn","DataVisibility":{"Hidden":false,"Private":false},"DefaultChoices":false,"GradingData":[],"Language":[],"NextAnswerId":13,"NextChoiceId":8,"QuestionDescription":"First, please tell us the extent to which you agree or disagree with each of the following statem...","QuestionID":"QID47","QuestionText":"First, please tell us the extent to which you agree or disagree with each of the following statements.&nbsp;","QuestionText_Unsafe":"Next, please tell us the extent to which you agree or disagree with each of the following statements.&nbsp;","QuestionType":"Matrix","RecodeValues":{"8":"-2","9":"-1","10":"0","11":"1","12":"2"},"Selector":"Likert","SubSelector":"SingleAnswer","Validation":{"Settings":{"ForceResponse":"ON","ForceResponseType":"ON","Type":"None"}}}},{"SurveyID":"SV_e4hNiBKgCaqNcx0","Element":"SQ","PrimaryAttribute":"QID75","SecondaryAttribute":"Now, we are going to show you a list of statements about the relationships between company charac...","TertiaryAttribute":null,"Payload":{"QuestionText":"Now, we are going to show you a list of statements about the relationships between company characteristics and ROIs<br>\n<br>\n<strong>For each statement,<\/strong> indicate how confident you are that the statement is <strong>CORRECT.<br>\n<br>\nDuring the game...<\/strong>","DefaultChoices":false,"DataExportTag":"IllusoryBeliefs","QuestionID":"QID75","QuestionType":"Matrix","Selector":"Likert","SubSelector":"SingleAnswer","DataVisibility":{"Private":false,"Hidden":false},"Configuration":{"QuestionDescriptionOption":"UseText","TextPosition":"inline","ChoiceColumnWidth":25,"RepeatHeaders":"none","WhiteSpace":"OFF","MobileFirst":true},"QuestionDescription":"Now, we are going to show you a list of statements about the relationships between company charac...","Choices":{"1":{"Display":"... a larger Number of Competitors had a NEGATIVE impact on the ROI"},"2":{"Display":"... a larger Market Size had a POSITIVE impact on the ROI"},"3":{"Display":"... a larger Company Valuation had a POSITIVE impact on the ROI"}},"ChoiceOrder":[1,2,3],"Validation":{"Settings":{"ForceResponse":"ON","ForceResponseType":"ON","Type":"None"}},"GradingData":[],"Language":[],"NextChoiceId":4,"NextAnswerId":6,"Answers":{"1":{"Display":"Not at all confident (1)"},"2":{"Display":"2"},"3":{"Display":"3"},"4":{"Display":"4"},"5":{"Display":"Extremely confident (5)"}},"AnswerOrder":["1","2","3","4","5"],"ChoiceDataExportTags":{"1":"Confidence_NC","2":"Confidence_MS","3":"Confidence_CV"},"Randomization":{"Advanced":null,"TotalRandSubset":"","Type":"All"}}},{"SurveyID":"SV_e4hNiBKgCaqNcx0","Element":"SQ","PrimaryAttribute":"QID80","SecondaryAttribute":"Finally, what do you think was true during the game you played?","TertiaryAttribute":null,"Payload":{"QuestionText":"Finally, what do you think was true during the game you played?","DataExportTag":"Slope","QuestionType":"MC","Selector":"SAVR","SubSelector":"TX","DataVisibility":{"Private":false,"Hidden":false},"Configuration":{"QuestionDescriptionOption":"UseText"},"QuestionDescription":"Finally, what do you think was true during the game you played?","Choices":{"1":{"Display":"The ROI tended to increase over time, independently of which company I decided to invest in"},"2":{"Display":"The ROI tended to stay constant over time, independently of which company I decided to invest in"}},"ChoiceOrder":[1,2],"Validation":{"Settings":{"ForceResponse":"ON","ForceResponseType":"ON","Type":"None"}},"Language":[],"NextChoiceId":3,"NextAnswerId":1,"QuestionID":"QID80"}},{"SurveyID":"SV_e4hNiBKgCaqNcx0","Element":"STAT","PrimaryAttribute":"Survey Statistics","SecondaryAttribute":null,"TertiaryAttribute":null,"Payload":{"MobileCompatible":true,"ID":"Survey Statistics"}}]}