{"SurveyEntry":{"SurveyID":"SV_4HO0nfho8XbDZUV","SurveyName":"2019-09-16 - Investing Learning - Post","SurveyDescription":null,"SurveyOwnerID":"UR_8HNsUBv4Xq1C36B","SurveyBrandID":"insead","DivisionID":null,"SurveyLanguage":"EN","SurveyActiveResponseSet":"RS_77cORvam0P2Qga9","SurveyStatus":"Active","SurveyStartDate":"0000-00-00 00:00:00","SurveyExpirationDate":"0000-00-00 00:00:00","SurveyCreationDate":"2019-09-16 07:18:44","CreatorID":"UR_8HNsUBv4Xq1C36B","LastModified":"2020-11-13 11:00:43","LastAccessed":"0000-00-00 00:00:00","LastActivated":"2019-09-16 09:07:22","Deleted":null},"SurveyElements":[{"SurveyID":"SV_4HO0nfho8XbDZUV","Element":"BL","PrimaryAttribute":"Survey Blocks","SecondaryAttribute":null,"TertiaryAttribute":null,"Payload":{"1":{"Type":"Trash","Description":"Trash \/ Unused Questions","ID":"BL_1LmOTgbHDv8TdTn","BlockElements":[]},"2":{"Type":"Standard","SubType":"","Description":"Evaluations","ID":"BL_5706LsY6xPQhekt","BlockElements":[{"Type":"Question","QuestionID":"QID19"},{"Type":"Page Break"},{"Type":"Question","QuestionID":"QID9"},{"Type":"Page Break"},{"Type":"Question","QuestionID":"QID15"}]},"3":{"Type":"Standard","SubType":"","Description":"BetBlock","ID":"BL_5cMN2hDN8v0lv5H","BlockElements":[{"Type":"Question","QuestionID":"QID28"},{"Type":"Question","QuestionID":"QID14"},{"Type":"Page Break"},{"Type":"Question","QuestionID":"QID10"},{"Type":"Question","QuestionID":"QID11"},{"Type":"Question","QuestionID":"QID12"},{"Type":"Page Break"},{"Type":"Question","QuestionID":"QID13"},{"Type":"Page Break"}]},"4":{"Type":"Standard","SubType":"","Description":"Block 3","ID":"BL_1MMhC5Bnu6Mjy2F","BlockElements":[{"Type":"Question","QuestionID":"QID17"}]}}},{"SurveyID":"SV_4HO0nfho8XbDZUV","Element":"FL","PrimaryAttribute":"Survey Flow","SecondaryAttribute":null,"TertiaryAttribute":null,"Payload":{"Type":"Root","FlowID":"FL_1","Flow":[{"Type":"EmbeddedData","FlowID":"FL_5","EmbeddedData":[{"Description":"turkid","Type":"Recipient","Field":"turkid","VariableType":"String","DataVisibility":[],"AnalyzeText":false},{"Description":"condid","Type":"Recipient","Field":"condid","VariableType":"String","DataVisibility":[],"AnalyzeText":false},{"Description":"ValidationCode","Type":"Custom","Field":"ValidationCode","VariableType":"String","DataVisibility":[],"AnalyzeText":false,"Value":"ZZCFDM98"},{"Description":"StudyPurpose","Type":"Custom","Field":"StudyPurpose","VariableType":"String","DataVisibility":[],"AnalyzeText":false,"Value":"In this study, we investigate how people learn about the properties of their environment, and how they make decisions in uncertain environments."},{"Description":"bonusearned","Type":"Custom","Field":"bonusearned","VariableType":"String","DataVisibility":[],"AnalyzeText":false,"Value":"0"}]},{"Type":"Standard","ID":"BL_5cMN2hDN8v0lv5H","FlowID":"FL_6"},{"Type":"EmbeddedData","FlowID":"FL_11","EmbeddedData":[{"Description":"bonusearned","Type":"Custom","Field":"bonusearned","VariableType":"String","DataVisibility":[],"AnalyzeText":false,"Value":"$e{ q:\/\/QID12\/TotalSum *2 + 10}"}]},{"Type":"Standard","ID":"BL_5706LsY6xPQhekt","FlowID":"FL_3"}],"Properties":{"Count":11,"RemovedFieldsets":[]}}},{"SurveyID":"SV_4HO0nfho8XbDZUV","Element":"SO","PrimaryAttribute":"Survey Options","SecondaryAttribute":null,"TertiaryAttribute":null,"Payload":{"BackButton":"false","SaveAndContinue":"true","SurveyProtection":"PublicSurvey","BallotBoxStuffingPrevention":"false","NoIndex":"Yes","SecureResponseFiles":"true","SurveyExpiration":null,"SurveyTermination":"DisplayMessage","Header":"","Footer":"","ProgressBarDisplay":"None","PartialData":"+1 week","ValidationMessage":null,"PreviousButton":" \u2190 ","NextButton":" \u2192 ","SkinLibrary":"insead","SkinType":"templated","Skin":{"brandingId":null,"templateId":"*2014","overrides":null},"NewScoring":1,"CustomStyles":{"customCSS":".project-label {\n  padding: 0 6px 0 6px;\n  color: black;\n}\n\n.project-one {\n  background-color: #ff470f;\n}\n\n.project-two {\n  background-color: #ffdd57;\n}\n\n.project-three {\n  background-color: #23d160;\n}\n\n.project-four {\n  background-color: #00d1b2;\n}"},"SurveyName":"2019-02-27 - Investing Pilot - Post","EOSMessage":"MS_bKJxVD4kv84uT9b","ShowExportTags":"false","CollectGeoLocation":"false","SurveyTitle":"Online Survey Software | Qualtrics Survey Solutions","SurveyMetaDescription":"Qualtrics sophisticated online survey software solutions make creating online surveys easy. Learn more about Research Suite and get a free account today.","PasswordProtection":"No","AnonymizeResponse":"No","Password":"","RefererCheck":"No","RefererURL":"http:\/\/","ResponseSummary":"No","EOSMessageLibrary":"UR_8HNsUBv4Xq1C36B","EOSRedirectURL":"https:\/\/","EmailThankYou":"false","ThankYouEmailMessageLibrary":null,"ThankYouEmailMessage":null,"ValidateMessage":"false","ValidationMessageLibrary":null,"InactiveSurvey":"DefaultMessage","PartialDataCloseAfter":"LastActivity","ActiveResponseSet":null,"InactiveMessageLibrary":"","InactiveMessage":"","AvailableLanguages":{"EN":[]},"ProtectSelectionIds":true,"headerMid":""}},{"SurveyID":"SV_4HO0nfho8XbDZUV","Element":"SCO","PrimaryAttribute":"Scoring","SecondaryAttribute":null,"TertiaryAttribute":null,"Payload":{"ScoringCategories":[],"ScoringCategoryGroups":[],"ScoringSummaryCategory":null,"ScoringSummaryAfterQuestions":0,"ScoringSummaryAfterSurvey":0,"DefaultScoringCategory":null,"AutoScoringCategory":null}},{"SurveyID":"SV_4HO0nfho8XbDZUV","Element":"PROJ","PrimaryAttribute":"CORE","SecondaryAttribute":null,"TertiaryAttribute":"1.1.0","Payload":{"ProjectCategory":"CORE","SchemaVersion":"1.1.0"}},{"SurveyID":"SV_4HO0nfho8XbDZUV","Element":"STAT","PrimaryAttribute":"Survey Statistics","SecondaryAttribute":null,"TertiaryAttribute":null,"Payload":{"MobileCompatible":true,"ID":"Survey Statistics"}},{"SurveyID":"SV_4HO0nfho8XbDZUV","Element":"QC","PrimaryAttribute":"Survey Question Count","SecondaryAttribute":"28","TertiaryAttribute":null,"Payload":null},{"SurveyID":"SV_4HO0nfho8XbDZUV","Element":"SQ","PrimaryAttribute":"QID17","SecondaryAttribute":"Click to write the question text","TertiaryAttribute":null,"Payload":{"QuestionText":"Click to write the question text","DefaultChoices":false,"DataExportTag":"Q12","QuestionType":"Matrix","Selector":"Likert","SubSelector":"SingleAnswer","Configuration":{"QuestionDescriptionOption":"UseText","TextPosition":"inline","ChoiceColumnWidth":25,"RepeatHeaders":"none","WhiteSpace":"OFF","MobileFirst":true},"QuestionDescription":"Click to write the question text","Choices":{"1":{"Display":"I clicked on the project that I thought was best"},"2":{"Display":"I focused on a few attributes"},"3":{"Display":"Trying to maximize the number of points was the best way to learn about the attributes"},"4":{"Display":"Trying to minimize the number of points was the best way to learn about the attributes"},"5":{"Display":"Choosing a project at random was the best way to learn about the attributes"}},"ChoiceOrder":["1","2","3","4","5"],"Validation":{"Settings":{"ForceResponse":"OFF","ForceResponseType":"ON","Type":"None"}},"GradingData":[],"Language":[],"NextChoiceId":6,"NextAnswerId":4,"Answers":{"1":{"Display":"Click to write Scale Point 1"},"2":{"Display":"Click to write Scale Point 2"},"3":{"Display":"Click to write Scale Point 3"}},"AnswerOrder":["1","2","3"],"ChoiceDataExportTags":false,"QuestionID":"QID17","DataVisibility":{"Private":false,"Hidden":false}}},{"SurveyID":"SV_4HO0nfho8XbDZUV","Element":"SQ","PrimaryAttribute":"QID11","SecondaryAttribute":"Consider the three projects below:Based on what you have learned in the 20 rounds of the game, wh...","TertiaryAttribute":null,"Payload":{"QuestionText":"Consider the three projects below:<br \/>\n<br \/>\n<img height=\"211\" src=\"https:\/\/insead.eu.qualtrics.com\/CP\/Graphic.php?IM=IM_8H9my5YkJClIngF\" width=\"909\" \/><br \/>\n<br \/>\n<strong>Based on what you have learned in the 20 rounds of the game, which project do you think has the highest payoff of all three?<\/strong>","DataExportTag":"ProjectChoice","QuestionType":"MC","Selector":"SAHR","SubSelector":"TX","Configuration":{"QuestionDescriptionOption":"UseText","LabelPosition":"BELOW"},"QuestionDescription":"Consider the three projects below:Based on what you have learned in the 20 rounds of the game, wh...","Choices":{"4":{"Display":"Project A"},"5":{"Display":"Project B"},"6":{"Display":"Project C"}},"ChoiceOrder":["4","5","6"],"Validation":{"Settings":{"ForceResponse":"ON","ForceResponseType":"ON","Type":"None"}},"Language":[],"NextChoiceId":7,"NextAnswerId":1,"QuestionID":"QID11","DefaultChoices":false,"GradingData":[],"DataVisibility":{"Private":false,"Hidden":false},"RecodeValues":{"4":"0","5":"1","6":"2"}}},{"SurveyID":"SV_4HO0nfho8XbDZUV","Element":"RS","PrimaryAttribute":"RS_77cORvam0P2Qga9","SecondaryAttribute":"Default Response Set","TertiaryAttribute":null,"Payload":null},{"SurveyID":"SV_4HO0nfho8XbDZUV","Element":"SQ","PrimaryAttribute":"QID14","SecondaryAttribute":"First, would you say that learning the factors associated with higher payoffs was...","TertiaryAttribute":null,"Payload":{"QuestionText":"First, would you say that learning the factors associated with higher payoffs was...","DataExportTag":"EasierOrHarder","QuestionType":"MC","Selector":"SAHR","SubSelector":"TX","Configuration":{"QuestionDescriptionOption":"UseText","LabelPosition":"BELOW"},"QuestionDescription":"First, would you say that learning the factors associated with higher payoffs was...","Choices":{"1":{"Display":"Much harder than expected"},"2":{"Display":"Harder than expected"},"3":{"Display":"Slightly harder than expected"},"4":{"Display":"As hard\/easy as expected"},"5":{"Display":"Slightly easier than expected"},"6":{"Display":"Easier than expected"},"7":{"Display":"Much easier than expected"}},"ChoiceOrder":["1","2","3","4","5","6","7"],"Validation":{"Settings":{"ForceResponse":"ON","ForceResponseType":"ON","Type":"None"}},"Language":[],"NextChoiceId":8,"NextAnswerId":1,"QuestionID":"QID14","DefaultChoices":false,"GradingData":[]}},{"SurveyID":"SV_4HO0nfho8XbDZUV","Element":"SQ","PrimaryAttribute":"QID10","SecondaryAttribute":"For your participation in the study, you have earned a 10c bonus. \u00a0 You will now have the opportu..","TertiaryAttribute":null,"Payload":{"QuestionText":"<div><strong>For your participation in the study, you have earned a 10c bonus.<\/strong><\/div>\n\n<div>&nbsp;<\/div>\n\n<div><strong>You will now have the opportunity to wager some of that bonus, <\/strong><strong>and possibly earn more money if you are correct.<\/strong><\/div>","DefaultChoices":false,"DataExportTag":"T","QuestionType":"DB","Selector":"TB","Configuration":{"QuestionDescriptionOption":"UseText"},"QuestionDescription":"For your participation in the study, you have earned a 10c bonus. \u00a0 You will now have the opportu...","ChoiceOrder":[],"Validation":{"Settings":{"Type":"None"}},"GradingData":[],"Language":[],"NextChoiceId":4,"NextAnswerId":1,"QuestionID":"QID10","DataVisibility":{"Private":false,"Hidden":false}}},{"SurveyID":"SV_4HO0nfho8XbDZUV","Element":"SQ","PrimaryAttribute":"QID12","SecondaryAttribute":"How many cents from your 10c bonus would you bet on this answer? For every 1c that you bet, you w...","TertiaryAttribute":null,"Payload":{"QuestionText":"<div>How many cents from your 10c bonus would you bet on this answer?<br \/>\n<br \/>\nFor every 1c that you bet, you will earn 3c if your answer is correct.<strong><span style=\"color:#c0392b;\"> The more confident you are that your answer is correct, the more money you should bet.<\/span><\/strong><br \/>\n&nbsp;<\/div>\nWith this wager, you will win <span id=\"ifwin\">0<\/span>c if you are correct, and lose <span id=\"iflose\">0<\/span>c if you are wrong.","QuestionJS":"Qualtrics.SurveyEngine.addOnload(function()\n{\n\t\/*Place your JavaScript here to run when the page loads*\/\n\n});\n\nQualtrics.SurveyEngine.addOnReady(function()\n{\n\tvar $j = jQuery.noConflict();\n\t\n\tvar slider = $j(\"#QID12 :input\");\n\tslider.change(function() {\n\t\tvar wager =  this.value;\n\t\tvar ifwin = wager*3\n\t\t$j(\"#ifwin\").text(ifwin);\n\t\t$j(\"#iflose\").text(wager);\n\t});\n\t\t\t\t  \n\tthis.questionclick = function(event,element){\n\n\t}\n\n});\n\nQualtrics.SurveyEngine.addOnUnload(function()\n{\n\t\/*Place your JavaScript here to run when the page is unloaded*\/\n\n});","DefaultChoices":false,"DataExportTag":"Wager","QuestionID":"QID12","QuestionType":"Slider","Selector":"HSLIDER","DataVisibility":{"Private":false,"Hidden":false},"Configuration":{"QuestionDescriptionOption":"UseText","CSSliderMin":0,"CSSliderMax":10,"GridLines":10,"SnapToGrid":true,"NumDecimals":"0","ShowValue":true,"CustomStart":true,"NotApplicable":false,"MobileFirst":true,"SliderStartPositions":{"1":0}},"QuestionDescription":"How many cents from your 10c bonus would you bet on this answer? For every 1c that you bet, you w...","Choices":{"1":{"Display":"."}},"ChoiceOrder":["1"],"Validation":{"Settings":{"ForceResponse":"ON","ForceResponseType":"ON","Type":"None"}},"GradingData":[],"Language":[],"NextChoiceId":4,"NextAnswerId":7,"Labels":[],"Answers":{"1":{"Display":0},"2":{"Display":1},"3":{"Display":2},"4":{"Display":3},"5":{"Display":4},"6":{"Display":5},"7":{"Display":6},"8":{"Display":7},"9":{"Display":8},"10":{"Display":9},"11":{"Display":10}}}},{"SurveyID":"SV_4HO0nfho8XbDZUV","Element":"SQ","PrimaryAttribute":"QID19","SecondaryAttribute":"How predictive of the projects' payoffs do you think each the following characteristics were?","TertiaryAttribute":null,"Payload":{"QuestionText":"How predictive of the projects' payoffs do you think each the following characteristics were?","DefaultChoices":false,"DataExportTag":"AttImport","QuestionType":"Matrix","Selector":"Likert","SubSelector":"SingleAnswer","DataVisibility":{"Private":false,"Hidden":false},"Configuration":{"QuestionDescriptionOption":"UseText","TextPosition":"inline","ChoiceColumnWidth":25,"RepeatHeaders":"none","WhiteSpace":"OFF","MobileFirst":true},"QuestionDescription":"How predictive of the projects' payoffs do you think each the following characteristics were?","Choices":{"1":{"Display":"Market Valuation"},"2":{"Display":"Sector of Activity"},"3":{"Display":"Market Size"},"4":{"Display":"Number of Competitors"}},"ChoiceOrder":["1","2","3","4"],"Validation":{"Settings":{"ForceResponse":"ON","ForceResponseType":"ON","Type":"None"}},"RecodeValues":{"17":"1","18":"2","19":"3","20":"4","21":"5"},"GradingData":[],"Language":[],"NextChoiceId":5,"NextAnswerId":22,"Answers":{"17":{"Display":"Not at all predictive"},"18":{"Display":"Slightly predictive"},"19":{"Display":"Moderately predictive"},"20":{"Display":"Very predictive"},"21":{"Display":"Extremely predictive"}},"AnswerOrder":["17","18","19","20","21"],"ChoiceDataExportTags":{"1":"AttImport_MV","2":"AttImport_SA","3":"AttImport_MS","4":"AttImport_NC"},"QuestionID":"QID19"}},{"SurveyID":"SV_4HO0nfho8XbDZUV","Element":"SQ","PrimaryAttribute":"QID9","SecondaryAttribute":"Please tell us the extent to which you agree or disagree with the following statements.","TertiaryAttribute":null,"Payload":{"QuestionText":"Please tell us the extent to which you agree or disagree with the following statements.","DefaultChoices":false,"DataExportTag":"T","QuestionType":"Matrix","Selector":"Likert","SubSelector":"SingleAnswer","DataVisibility":{"Private":false,"Hidden":false},"Configuration":{"QuestionDescriptionOption":"UseText","TextPosition":"inline","ChoiceColumnWidth":25,"MobileFirst":true,"WhiteSpace":"OFF","RepeatHeaders":"middle"},"QuestionDescription":"Please tell us the extent to which you agree or disagree with the following statements.","Choices":{"3":{"Display":"The more the game went on, the more confident I was in which attribute(s) were useful."},"6":{"Display":"There were not enough rounds to learn about the attributes."},"17":{"Display":"I earned more points at end of the game than at the beginning."},"18":{"Display":"Over time, I managed to learn which attribute(s) were good predictors of a project's payoff"},"19":{"Display":"The attributes were good predictors of a project's payoff"},"20":{"Display":"Some attributes were better predictors than others"}},"ChoiceOrder":["3","6","18","19","20","17"],"Validation":{"Settings":{"ForceResponse":"ON","ForceResponseType":"ON","Type":"None"}},"RecodeValues":{"15":1,"16":2,"17":3,"18":4,"19":5,"20":6,"21":7},"GradingData":[],"Language":[],"NextChoiceId":21,"NextAnswerId":22,"Answers":{"15":{"Display":"Strongly disagree"},"16":{"Display":"Disagree"},"17":{"Display":"Somewhat disagree"},"18":{"Display":"Neither agree nor disagree"},"19":{"Display":"Somewhat agree"},"20":{"Display":"Agree"},"21":{"Display":"Strongly agree"}},"AnswerOrder":["15","16","17","18","19","20","21"],"ChoiceDataExportTags":{"3":"BecameConfident","6":"NotEnoughRound","17":"SubjSlope","18":"CouldPredict","19":"AttribUseful","20":"AttribDiff"},"QuestionID":"QID9"}},{"SurveyID":"SV_4HO0nfho8XbDZUV","Element":"SQ","PrimaryAttribute":"QID15","SecondaryAttribute":"Thank you for your answers. \u00a0 We are happy to tell you that you chose the correct project! You ha..","TertiaryAttribute":null,"Payload":{"QuestionText":"<div>Thank you for your answers.<\/div>\n\n<div>&nbsp;<\/div>\n\n<div>We are happy to tell you that you chose the correct project! You have earned a bonus of ${e:\/\/Field\/bonusearned} cents!<\/div><div><br><\/div><div>We will pay this bonus to you in the next 48 hours. <br><\/div><div><br><\/div><div>To preserve the quality of our data, we ask that you do not share your strategy and responses with others. Thank you for your understanding!<\/div><div><br><\/div><div>You will find your validation code on the next page.<br><\/div>\n\n<div>&nbsp;<\/div>","DefaultChoices":false,"DataExportTag":"T","QuestionType":"DB","Selector":"TB","Configuration":{"QuestionDescriptionOption":"UseText"},"QuestionDescription":"Thank you for your answers. \u00a0 We are happy to tell you that you chose the correct project! You ha...","ChoiceOrder":[],"Validation":{"Settings":{"Type":"None"}},"GradingData":[],"Language":[],"NextChoiceId":4,"NextAnswerId":1,"QuestionID":"QID15","DataVisibility":{"Private":false,"Hidden":false}}},{"SurveyID":"SV_4HO0nfho8XbDZUV","Element":"SQ","PrimaryAttribute":"QID13","SecondaryAttribute":"Thank you for your bet! Before we reveal the answer and your payoff, we have a few questions to a...","TertiaryAttribute":null,"Payload":{"QuestionText":"<div>Thank you for your bet!<\/div><div><br><\/div><div>Before we reveal the answer and your payoff, we have a few questions to ask you.<br><\/div>","DefaultChoices":false,"DataExportTag":"T","QuestionType":"DB","Selector":"TB","Configuration":{"QuestionDescriptionOption":"UseText"},"QuestionDescription":"Thank you for your bet! Before we reveal the answer and your payoff, we have a few questions to a...","ChoiceOrder":[],"Validation":{"Settings":{"Type":"None"}},"GradingData":[],"Language":[],"NextChoiceId":4,"NextAnswerId":1,"QuestionID":"QID13","DataVisibility":{"Private":false,"Hidden":false}}},{"SurveyID":"SV_4HO0nfho8XbDZUV","Element":"SQ","PrimaryAttribute":"QID28","SecondaryAttribute":"Your responses have been recorded. We now have a few questions to ask you.","TertiaryAttribute":null,"Payload":{"QuestionText":"Your responses have been recorded. We now have a few questions to ask you.","DefaultChoices":false,"DataExportTag":"T","QuestionType":"DB","Selector":"TB","Configuration":{"QuestionDescriptionOption":"UseText"},"QuestionDescription":"Your responses have been recorded. We now have a few questions to ask you.","ChoiceOrder":[],"Validation":{"Settings":{"Type":"None"}},"GradingData":[],"Language":[],"NextChoiceId":4,"NextAnswerId":1,"QuestionID":"QID28"}}]}